PODS:
  - Alamofire (4.9.1)
  - AlamofireObjectMapper (5.2.1):
    - Alamofire (~> 4.7)
    - ObjectMapper (~> 3.4)
  - Amplitude-iOS (4.9.3)
  - Kingfisher (5.11.0):
    - Kingfisher/Core (= 5.11.0)
  - Kingfisher/Core (5.11.0)
  - lottie-ios (3.1.5)
  - ObjectMapper (3.5.1)
  - SnapKit (5.0.1)
  - SwifterSwift (5.1.0):
    - SwifterSwift/AppKit (= 5.1.0)
    - SwifterSwift/CoreGraphics (= 5.1.0)
    - SwifterSwift/CoreLocation (= 5.1.0)
    - SwifterSwift/Dispatch (= 5.1.0)
    - SwifterSwift/Foundation (= 5.1.0)
    - SwifterSwift/MapKit (= 5.1.0)
    - SwifterSwift/SceneKit (= 5.1.0)
    - SwifterSwift/SpriteKit (= 5.1.0)
    - SwifterSwift/SwiftStdlib (= 5.1.0)
    - SwifterSwift/UIKit (= 5.1.0)
  - SwifterSwift/AppKit (5.1.0)
  - SwifterSwift/CoreGraphics (5.1.0)
  - SwifterSwift/CoreLocation (5.1.0)
  - SwifterSwift/Dispatch (5.1.0)
  - SwifterSwift/Foundation (5.1.0)
  - SwifterSwift/MapKit (5.1.0)
  - SwifterSwift/SceneKit (5.1.0)
  - SwifterSwift/SpriteKit (5.1.0)
  - SwifterSwift/SwiftStdlib (5.1.0)
  - SwifterSwift/UIKit (5.1.0)

DEPENDENCIES:
  - Alamofire
  - AlamofireObjectMapper
  - Amplitude-iOS (~> 4.5)
  - Kingfisher
  - lottie-ios
  - ObjectMapper
  - SnapKit
  - SwifterSwift

SPEC REPOS:
  trunk:
    - Alamofire
    - AlamofireObjectMapper
    - Amplitude-iOS
    - Kingfisher
    - lottie-ios
    - ObjectMapper
    - SnapKit
    - SwifterSwift

SPEC CHECKSUMS:
  Alamofire: 85e8a02c69d6020a0d734f6054870d7ecb75cf18
  AlamofireObjectMapper: 1989f690e982b71921b9253f53a4f33a9bc00d88
  Amplitude-iOS: 122e026c44db8460e5efcf84859aa290a0ae9786
  Kingfisher: 4569606189149e19c7d9439f47e885d0679b7a90
  lottie-ios: 32bf84389337d86fbc8b12266e88452e0abf1dee
  ObjectMapper: 70187b8941977c62ccfb423caf6b50be405cabf0
  SnapKit: 97b92857e3df3a0c71833cce143274bf6ef8e5eb
  SwifterSwift: a9e8e144832638c2850b43da5feaf9598c6ad65b

PODFILE CHECKSUM: 390fb72d26c10824361a98636298e4acee616898

COCOAPODS: 1.8.4
