// !$*UTF8*$!
{
	archiveVersion = 1;
	classes = {
	};
	objectVersion = 52;
	objects = {

/* Begin PBXBuildFile section */
		11AF8BEF60E626397B61C89A /* Pods_Kybele_KybeleUITests.framework in Frameworks */ = {isa = PBXBuildFile; fileRef = 56FA39E8CE8C8EAC3B464CCE /* Pods_Kybele_KybeleUITests.framework */; };
		3D4E960923DC394B00D45214 /* Endpoint.swift in Sources */ = {isa = PBXBuildFile; fileRef = 3D4E960823DC394B00D45214 /* Endpoint.swift */; };
		3D4E960E23DC3E9900D45214 /* Service.swift in Sources */ = {isa = PBXBuildFile; fileRef = 3D4E960D23DC3E9900D45214 /* Service.swift */; };
		3D4E961123DC504500D45214 /* LoginViewController.swift in Sources */ = {isa = PBXBuildFile; fileRef = 3D4E961023DC504500D45214 /* LoginViewController.swift */; };
		3D4E961323DC505300D45214 /* LoginViewModel.swift in Sources */ = {isa = PBXBuildFile; fileRef = 3D4E961223DC505200D45214 /* LoginViewModel.swift */; };
		3D4E961523DC505E00D45214 /* LoginView.swift in Sources */ = {isa = PBXBuildFile; fileRef = 3D4E961423DC505E00D45214 /* LoginView.swift */; };
		3D4E961723DC5B5600D45214 /* Colors.xcassets in Resources */ = {isa = PBXBuildFile; fileRef = 3D4E961623DC5B5600D45214 /* Colors.xcassets */; };
		3D4E961923DC5D0200D45214 /* UIColor+Colors.swift in Sources */ = {isa = PBXBuildFile; fileRef = 3D4E961823DC5D0200D45214 /* UIColor+Colors.swift */; };
		3D4E961B23DC600700D45214 /* UIView+Additions.swift in Sources */ = {isa = PBXBuildFile; fileRef = 3D4E961A23DC600700D45214 /* UIView+Additions.swift */; };
		3D4E961D23DC6CB800D45214 /* Type.swift in Sources */ = {isa = PBXBuildFile; fileRef = 3D4E961C23DC6CB800D45214 /* Type.swift */; };
		3D4E962023DC77C200D45214 /* KeychainSwift in Frameworks */ = {isa = PBXBuildFile; productRef = 3D4E961F23DC77C200D45214 /* KeychainSwift */; };
		3D4E962323DC846800D45214 /* KeychainService.swift in Sources */ = {isa = PBXBuildFile; fileRef = 3D4E962223DC846800D45214 /* KeychainService.swift */; };
		3D6FA1AF23DF0365005458A6 /* Alamofire in Frameworks */ = {isa = PBXBuildFile; productRef = 3D6FA1AE23DF0365005458A6 /* Alamofire */; };
		3D6FA1B223E01F96005458A6 /* SwifterSwift in Frameworks */ = {isa = PBXBuildFile; productRef = 3D6FA1B123E01F96005458A6 /* SwifterSwift */; };
		3D72902723E02A1B00FE094A /* Kingfisher.framework in Frameworks */ = {isa = PBXBuildFile; fileRef = 3D72902623E02A1B00FE094A /* Kingfisher.framework */; };
		3D72902A23E02CBF00FE094A /* Lottie.framework in Frameworks */ = {isa = PBXBuildFile; fileRef = 3D72902923E02CBF00FE094A /* Lottie.framework */; };
		3D72903223E046D100FE094A /* Any+Additions.swift in Sources */ = {isa = PBXBuildFile; fileRef = 3D72903123E046D100FE094A /* Any+Additions.swift */; };
		3D7635ED23F59347006FA3F7 /* Coordinator.swift in Sources */ = {isa = PBXBuildFile; fileRef = 3D7635EC23F59347006FA3F7 /* Coordinator.swift */; };
		3D7635EF23F5936A006FA3F7 /* LoginCoordinator.swift in Sources */ = {isa = PBXBuildFile; fileRef = 3D7635EE23F5936A006FA3F7 /* LoginCoordinator.swift */; };
		3D7635F123F5941C006FA3F7 /* LoginVerificationCoordinator.swift in Sources */ = {isa = PBXBuildFile; fileRef = 3D7635F023F5941C006FA3F7 /* LoginVerificationCoordinator.swift */; };
		3D7635F423F69234006FA3F7 /* KeyboardAccessoryView.swift in Sources */ = {isa = PBXBuildFile; fileRef = 3D7635F323F69234006FA3F7 /* KeyboardAccessoryView.swift */; };
		3D7635F623F696EC006FA3F7 /* CGSize+Additions.swift in Sources */ = {isa = PBXBuildFile; fileRef = 3D7635F523F696EC006FA3F7 /* CGSize+Additions.swift */; };
		3D7635F823F6974F006FA3F7 /* UIBarButtonItem+Additions.swift in Sources */ = {isa = PBXBuildFile; fileRef = 3D7635F723F6974F006FA3F7 /* UIBarButtonItem+Additions.swift */; };
		3D7635FA23F6C719006FA3F7 /* String+Additions.swift in Sources */ = {isa = PBXBuildFile; fileRef = 3D7635F923F6C719006FA3F7 /* String+Additions.swift */; };
		3D7635FC23F6CAD4006FA3F7 /* Invalidable.swift in Sources */ = {isa = PBXBuildFile; fileRef = 3D7635FB23F6CAD4006FA3F7 /* Invalidable.swift */; };
		3D7635FE23F73A00006FA3F7 /* TextInputField.swift in Sources */ = {isa = PBXBuildFile; fileRef = 3D7635FD23F73A00006FA3F7 /* TextInputField.swift */; };
		3D76360123F73A67006FA3F7 /* TextInputContent.swift in Sources */ = {isa = PBXBuildFile; fileRef = 3D76360023F73A67006FA3F7 /* TextInputContent.swift */; };
		3D76360323F73FED006FA3F7 /* HomepageCoordinator.swift in Sources */ = {isa = PBXBuildFile; fileRef = 3D76360223F73FED006FA3F7 /* HomepageCoordinator.swift */; };
		3DA4F08F23A5035D001A2B97 /* AppDelegate.swift in Sources */ = {isa = PBXBuildFile; fileRef = 3DA4F08E23A5035D001A2B97 /* AppDelegate.swift */; };
		3DA4F09123A5035D001A2B97 /* SceneDelegate.swift in Sources */ = {isa = PBXBuildFile; fileRef = 3DA4F09023A5035D001A2B97 /* SceneDelegate.swift */; };
		3DA4F09823A5035F001A2B97 /* Assets.xcassets in Resources */ = {isa = PBXBuildFile; fileRef = 3DA4F09723A5035F001A2B97 /* Assets.xcassets */; };
		3DA4F09B23A5035F001A2B97 /* LaunchScreen.storyboard in Resources */ = {isa = PBXBuildFile; fileRef = 3DA4F09923A5035F001A2B97 /* LaunchScreen.storyboard */; };
		3DA4F0A623A50360001A2B97 /* KybeleTests.swift in Sources */ = {isa = PBXBuildFile; fileRef = 3DA4F0A523A50360001A2B97 /* KybeleTests.swift */; };
		3DA4F0B123A50360001A2B97 /* KybeleUITests.swift in Sources */ = {isa = PBXBuildFile; fileRef = 3DA4F0B023A50360001A2B97 /* KybeleUITests.swift */; };
		3DA4F0BF23A5073B001A2B97 /* AppInit.swift in Sources */ = {isa = PBXBuildFile; fileRef = 3DA4F0BE23A5073B001A2B97 /* AppInit.swift */; };
		3DA4F0C223A5093B001A2B97 /* HomepageViewController.swift in Sources */ = {isa = PBXBuildFile; fileRef = 3DA4F0C123A5093B001A2B97 /* HomepageViewController.swift */; };
		3DA4F0C523A509CC001A2B97 /* UINavigationContrroller+Styling.swift in Sources */ = {isa = PBXBuildFile; fileRef = 3DA4F0C423A509CC001A2B97 /* UINavigationContrroller+Styling.swift */; };
		3DA4F0C723A50B6A001A2B97 /* HomepageViewModel.swift in Sources */ = {isa = PBXBuildFile; fileRef = 3DA4F0C623A50B6A001A2B97 /* HomepageViewModel.swift */; };
		3DA4F0C923A50B7B001A2B97 /* HomepageView.swift in Sources */ = {isa = PBXBuildFile; fileRef = 3DA4F0C823A50B7B001A2B97 /* HomepageView.swift */; };
		3DA4F0CC23A50BD3001A2B97 /* ViewModel.swift in Sources */ = {isa = PBXBuildFile; fileRef = 3DA4F0CB23A50BD3001A2B97 /* ViewModel.swift */; };
		3DA4F0CE23A50C35001A2B97 /* ErrorHandler.swift in Sources */ = {isa = PBXBuildFile; fileRef = 3DA4F0CD23A50C35001A2B97 /* ErrorHandler.swift */; };
		3DA4F0D223A50F9B001A2B97 /* SplashViewControllre.swift in Sources */ = {isa = PBXBuildFile; fileRef = 3DA4F0D123A50F9B001A2B97 /* SplashViewControllre.swift */; };
		3DA4F0D523A50FDD001A2B97 /* View.swift in Sources */ = {isa = PBXBuildFile; fileRef = 3DA4F0D423A50FDD001A2B97 /* View.swift */; };
		3DA4F0D723A51015001A2B97 /* UIView+Loading.swift in Sources */ = {isa = PBXBuildFile; fileRef = 3DA4F0D623A51015001A2B97 /* UIView+Loading.swift */; };
		3DA4F0D923A510F8001A2B97 /* SplashView.swift in Sources */ = {isa = PBXBuildFile; fileRef = 3DA4F0D823A510F8001A2B97 /* SplashView.swift */; };
		3DA4F0DB23A51127001A2B97 /* SpashViewModel.swift in Sources */ = {isa = PBXBuildFile; fileRef = 3DA4F0DA23A51127001A2B97 /* SpashViewModel.swift */; };
		3DA4F0DD23A511AE001A2B97 /* SplashApi.swift in Sources */ = {isa = PBXBuildFile; fileRef = 3DA4F0DC23A511AE001A2B97 /* SplashApi.swift */; };
		3DA4F0DF23A52152001A2B97 /* HomepageCell.swift in Sources */ = {isa = PBXBuildFile; fileRef = 3DA4F0DE23A52152001A2B97 /* HomepageCell.swift */; };
		3DA4F0E123A521C7001A2B97 /* UILabel+Maker.swift in Sources */ = {isa = PBXBuildFile; fileRef = 3DA4F0E023A521C7001A2B97 /* UILabel+Maker.swift */; };
		3DA4F0E423A5281C001A2B97 /* Size.swift in Sources */ = {isa = PBXBuildFile; fileRef = 3DA4F0E323A5281C001A2B97 /* Size.swift */; };
		3DA4F0E623A52BE1001A2B97 /* UIImage+Maker.swift in Sources */ = {isa = PBXBuildFile; fileRef = 3DA4F0E523A52BE1001A2B97 /* UIImage+Maker.swift */; };
		3DA4F0E823A5320C001A2B97 /* Identifiable.swift in Sources */ = {isa = PBXBuildFile; fileRef = 3DA4F0E723A5320C001A2B97 /* Identifiable.swift */; };
		3DA4F0EA23A53861001A2B97 /* UIButton+Maker.swift in Sources */ = {isa = PBXBuildFile; fileRef = 3DA4F0E923A53861001A2B97 /* UIButton+Maker.swift */; };
		3DA4F0EC23A5397F001A2B97 /* UIStackView+Maker.swift in Sources */ = {isa = PBXBuildFile; fileRef = 3DA4F0EB23A5397F001A2B97 /* UIStackView+Maker.swift */; };
		3DA4F0F523A53C6F001A2B97 /* WebViewController.swift in Sources */ = {isa = PBXBuildFile; fileRef = 3DA4F0F423A53C6F001A2B97 /* WebViewController.swift */; };
		3DA4F0F923A54862001A2B97 /* HealthProfileViewController.swift in Sources */ = {isa = PBXBuildFile; fileRef = 3DA4F0F823A54862001A2B97 /* HealthProfileViewController.swift */; };
		3DA4F0FB23A54CA7001A2B97 /* HealthProfileViewModel.swift in Sources */ = {isa = PBXBuildFile; fileRef = 3DA4F0FA23A54CA7001A2B97 /* HealthProfileViewModel.swift */; };
		3DA4F0FD23A54EC2001A2B97 /* HealthRecordsViewController.swift in Sources */ = {isa = PBXBuildFile; fileRef = 3DA4F0FC23A54EC2001A2B97 /* HealthRecordsViewController.swift */; };
		3DA4F0FF23A54EE7001A2B97 /* HealthRecordsViewModel.swift in Sources */ = {isa = PBXBuildFile; fileRef = 3DA4F0FE23A54EE7001A2B97 /* HealthRecordsViewModel.swift */; };
		3DB3B65423A550160024F373 /* NewRecordView.swift in Sources */ = {isa = PBXBuildFile; fileRef = 3DB3B65323A550160024F373 /* NewRecordView.swift */; };
		3DB3B65723A555A40024F373 /* InformationBlogViewController.swift in Sources */ = {isa = PBXBuildFile; fileRef = 3DB3B65623A555A40024F373 /* InformationBlogViewController.swift */; };
		3DB3B65923A555FF0024F373 /* InformationBlogView.swift in Sources */ = {isa = PBXBuildFile; fileRef = 3DB3B65823A555FF0024F373 /* InformationBlogView.swift */; };
		3DB3B65B23A556120024F373 /* InformationBlogViewModel.swift in Sources */ = {isa = PBXBuildFile; fileRef = 3DB3B65A23A556120024F373 /* InformationBlogViewModel.swift */; };
		3DB3B65D23A5568E0024F373 /* InformationBlogCell.swift in Sources */ = {isa = PBXBuildFile; fileRef = 3DB3B65C23A5568E0024F373 /* InformationBlogCell.swift */; };
		3DBEC1D923F7E602005BDAA5 /* LoginProfileCoordinator.swift in Sources */ = {isa = PBXBuildFile; fileRef = 3DBEC1D523F7E602005BDAA5 /* LoginProfileCoordinator.swift */; };
		3DBEC1DA23F7E602005BDAA5 /* LoginProfileViewController.swift in Sources */ = {isa = PBXBuildFile; fileRef = 3DBEC1D623F7E602005BDAA5 /* LoginProfileViewController.swift */; };
		3DBEC1DB23F7E602005BDAA5 /* LoginProfileView.swift in Sources */ = {isa = PBXBuildFile; fileRef = 3DBEC1D723F7E602005BDAA5 /* LoginProfileView.swift */; };
		3DBEC1DC23F7E602005BDAA5 /* LoginProfileViewModel.swift in Sources */ = {isa = PBXBuildFile; fileRef = 3DBEC1D823F7E602005BDAA5 /* LoginProfileViewModel.swift */; };
		3DF9C4B323EEBD9B00074729 /* LoginVerificationViewController.swift in Sources */ = {isa = PBXBuildFile; fileRef = 3DF9C4B223EEBD9B00074729 /* LoginVerificationViewController.swift */; };
		3DF9C4B523EEBDF100074729 /* LoginVerificationView.swift in Sources */ = {isa = PBXBuildFile; fileRef = 3DF9C4B423EEBDF100074729 /* LoginVerificationView.swift */; };
		3DF9C4B723EEBE3D00074729 /* LoginVerificationViewModel.swift in Sources */ = {isa = PBXBuildFile; fileRef = 3DF9C4B623EEBE3D00074729 /* LoginVerificationViewModel.swift */; };
		95D9531623A56110005BA7B4 /* LoginTwoFactorResponse.swift in Sources */ = {isa = PBXBuildFile; fileRef = 95D9531523A56110005BA7B4 /* LoginTwoFactorResponse.swift */; };
		95D9531823A5616F005BA7B4 /* User.swift in Sources */ = {isa = PBXBuildFile; fileRef = 95D9531723A5616F005BA7B4 /* User.swift */; };
		95D9531A23A56220005BA7B4 /* Language.swift in Sources */ = {isa = PBXBuildFile; fileRef = 95D9531923A56220005BA7B4 /* Language.swift */; };
		95D9531C23A564E6005BA7B4 /* LoginResponse.swift in Sources */ = {isa = PBXBuildFile; fileRef = 95D9531B23A564E6005BA7B4 /* LoginResponse.swift */; };
		9F34D623EA871ECE83812CAD /* Pods_KybeleTests.framework in Frameworks */ = {isa = PBXBuildFile; fileRef = 7B4CB829166DC18391AD4E85 /* Pods_KybeleTests.framework */; };
		BCAF24AC6F0AE86F439C38CA /* Pods_Kybele.framework in Frameworks */ = {isa = PBXBuildFile; fileRef = 4B4F750E1E12F24926E71889 /* Pods_Kybele.framework */; };
/* End PBXBuildFile section */

/* Begin PBXContainerItemProxy section */
		3DA4F0A223A50360001A2B97 /* PBXContainerItemProxy */ = {
			isa = PBXContainerItemProxy;
			containerPortal = 3DA4F08323A5035D001A2B97 /* Project object */;
			proxyType = 1;
			remoteGlobalIDString = 3DA4F08A23A5035D001A2B97;
			remoteInfo = Kybele;
		};
		3DA4F0AD23A50360001A2B97 /* PBXContainerItemProxy */ = {
			isa = PBXContainerItemProxy;
			containerPortal = 3DA4F08323A5035D001A2B97 /* Project object */;
			proxyType = 1;
			remoteGlobalIDString = 3DA4F08A23A5035D001A2B97;
			remoteInfo = Kybele;
		};
/* End PBXContainerItemProxy section */

/* Begin PBXFileReference section */
		37FBEFC97146565798E602E3 /* Pods-Kybele.debug.xcconfig */ = {isa = PBXFileReference; includeInIndex = 1; lastKnownFileType = text.xcconfig; name = "Pods-Kybele.debug.xcconfig"; path = "Target Support Files/Pods-Kybele/Pods-Kybele.debug.xcconfig"; sourceTree = "<group>"; };
		3D4E960823DC394B00D45214 /* Endpoint.swift */ = {isa = PBXFileReference; lastKnownFileType = sourcecode.swift; path = Endpoint.swift; sourceTree = "<group>"; };
		3D4E960D23DC3E9900D45214 /* Service.swift */ = {isa = PBXFileReference; lastKnownFileType = sourcecode.swift; path = Service.swift; sourceTree = "<group>"; };
		3D4E961023DC504500D45214 /* LoginViewController.swift */ = {isa = PBXFileReference; lastKnownFileType = sourcecode.swift; path = LoginViewController.swift; sourceTree = "<group>"; };
		3D4E961223DC505200D45214 /* LoginViewModel.swift */ = {isa = PBXFileReference; lastKnownFileType = sourcecode.swift; path = LoginViewModel.swift; sourceTree = "<group>"; };
		3D4E961423DC505E00D45214 /* LoginView.swift */ = {isa = PBXFileReference; lastKnownFileType = sourcecode.swift; path = LoginView.swift; sourceTree = "<group>"; };
		3D4E961623DC5B5600D45214 /* Colors.xcassets */ = {isa = PBXFileReference; lastKnownFileType = folder.assetcatalog; path = Colors.xcassets; sourceTree = "<group>"; };
		3D4E961823DC5D0200D45214 /* UIColor+Colors.swift */ = {isa = PBXFileReference; lastKnownFileType = sourcecode.swift; path = "UIColor+Colors.swift"; sourceTree = "<group>"; };
		3D4E961A23DC600700D45214 /* UIView+Additions.swift */ = {isa = PBXFileReference; lastKnownFileType = sourcecode.swift; path = "UIView+Additions.swift"; sourceTree = "<group>"; };
		3D4E961C23DC6CB800D45214 /* Type.swift */ = {isa = PBXFileReference; lastKnownFileType = sourcecode.swift; path = Type.swift; sourceTree = "<group>"; };
		3D4E962223DC846800D45214 /* KeychainService.swift */ = {isa = PBXFileReference; lastKnownFileType = sourcecode.swift; path = KeychainService.swift; sourceTree = "<group>"; };
		3D72902123E025CB00FE094A /* SnapKit.framework */ = {isa = PBXFileReference; lastKnownFileType = wrapper.framework; name = SnapKit.framework; path = Carthage/Build/iOS/SnapKit.framework; sourceTree = "<group>"; };
		3D72902623E02A1B00FE094A /* Kingfisher.framework */ = {isa = PBXFileReference; lastKnownFileType = wrapper.framework; name = Kingfisher.framework; path = Carthage/Build/iOS/Kingfisher.framework; sourceTree = "<group>"; };
		3D72902923E02CBF00FE094A /* Lottie.framework */ = {isa = PBXFileReference; lastKnownFileType = wrapper.framework; name = Lottie.framework; path = Carthage/Build/iOS/Lottie.framework; sourceTree = "<group>"; };
		3D72903123E046D100FE094A /* Any+Additions.swift */ = {isa = PBXFileReference; lastKnownFileType = sourcecode.swift; path = "Any+Additions.swift"; sourceTree = "<group>"; };
		3D7635EC23F59347006FA3F7 /* Coordinator.swift */ = {isa = PBXFileReference; lastKnownFileType = sourcecode.swift; path = Coordinator.swift; sourceTree = "<group>"; };
		3D7635EE23F5936A006FA3F7 /* LoginCoordinator.swift */ = {isa = PBXFileReference; lastKnownFileType = sourcecode.swift; path = LoginCoordinator.swift; sourceTree = "<group>"; };
		3D7635F023F5941C006FA3F7 /* LoginVerificationCoordinator.swift */ = {isa = PBXFileReference; lastKnownFileType = sourcecode.swift; path = LoginVerificationCoordinator.swift; sourceTree = "<group>"; };
		3D7635F323F69234006FA3F7 /* KeyboardAccessoryView.swift */ = {isa = PBXFileReference; lastKnownFileType = sourcecode.swift; path = KeyboardAccessoryView.swift; sourceTree = "<group>"; };
		3D7635F523F696EC006FA3F7 /* CGSize+Additions.swift */ = {isa = PBXFileReference; lastKnownFileType = sourcecode.swift; path = "CGSize+Additions.swift"; sourceTree = "<group>"; };
		3D7635F723F6974F006FA3F7 /* UIBarButtonItem+Additions.swift */ = {isa = PBXFileReference; lastKnownFileType = sourcecode.swift; path = "UIBarButtonItem+Additions.swift"; sourceTree = "<group>"; };
		3D7635F923F6C719006FA3F7 /* String+Additions.swift */ = {isa = PBXFileReference; lastKnownFileType = sourcecode.swift; path = "String+Additions.swift"; sourceTree = "<group>"; };
		3D7635FB23F6CAD4006FA3F7 /* Invalidable.swift */ = {isa = PBXFileReference; lastKnownFileType = sourcecode.swift; path = Invalidable.swift; sourceTree = "<group>"; };
		3D7635FD23F73A00006FA3F7 /* TextInputField.swift */ = {isa = PBXFileReference; lastKnownFileType = sourcecode.swift; path = TextInputField.swift; sourceTree = "<group>"; };
		3D76360023F73A67006FA3F7 /* TextInputContent.swift */ = {isa = PBXFileReference; lastKnownFileType = sourcecode.swift; path = TextInputContent.swift; sourceTree = "<group>"; };
		3D76360223F73FED006FA3F7 /* HomepageCoordinator.swift */ = {isa = PBXFileReference; lastKnownFileType = sourcecode.swift; path = HomepageCoordinator.swift; sourceTree = "<group>"; };
		3DA4F08B23A5035D001A2B97 /* Kybele.app */ = {isa = PBXFileReference; explicitFileType = wrapper.application; includeInIndex = 0; path = Kybele.app; sourceTree = BUILT_PRODUCTS_DIR; };
		3DA4F08E23A5035D001A2B97 /* AppDelegate.swift */ = {isa = PBXFileReference; lastKnownFileType = sourcecode.swift; path = AppDelegate.swift; sourceTree = "<group>"; };
		3DA4F09023A5035D001A2B97 /* SceneDelegate.swift */ = {isa = PBXFileReference; lastKnownFileType = sourcecode.swift; path = SceneDelegate.swift; sourceTree = "<group>"; };
		3DA4F09723A5035F001A2B97 /* Assets.xcassets */ = {isa = PBXFileReference; lastKnownFileType = folder.assetcatalog; path = Assets.xcassets; sourceTree = "<group>"; };
		3DA4F09A23A5035F001A2B97 /* Base */ = {isa = PBXFileReference; lastKnownFileType = file.storyboard; name = Base; path = Base.lproj/LaunchScreen.storyboard; sourceTree = "<group>"; };
		3DA4F09C23A5035F001A2B97 /* Info.plist */ = {isa = PBXFileReference; lastKnownFileType = text.plist.xml; path = Info.plist; sourceTree = "<group>"; };
		3DA4F0A123A50360001A2B97 /* KybeleTests.xctest */ = {isa = PBXFileReference; explicitFileType = wrapper.cfbundle; includeInIndex = 0; path = KybeleTests.xctest; sourceTree = BUILT_PRODUCTS_DIR; };
		3DA4F0A523A50360001A2B97 /* KybeleTests.swift */ = {isa = PBXFileReference; lastKnownFileType = sourcecode.swift; path = KybeleTests.swift; sourceTree = "<group>"; };
		3DA4F0A723A50360001A2B97 /* Info.plist */ = {isa = PBXFileReference; lastKnownFileType = text.plist.xml; path = Info.plist; sourceTree = "<group>"; };
		3DA4F0AC23A50360001A2B97 /* KybeleUITests.xctest */ = {isa = PBXFileReference; explicitFileType = wrapper.cfbundle; includeInIndex = 0; path = KybeleUITests.xctest; sourceTree = BUILT_PRODUCTS_DIR; };
		3DA4F0B023A50360001A2B97 /* KybeleUITests.swift */ = {isa = PBXFileReference; lastKnownFileType = sourcecode.swift; path = KybeleUITests.swift; sourceTree = "<group>"; };
		3DA4F0B223A50360001A2B97 /* Info.plist */ = {isa = PBXFileReference; lastKnownFileType = text.plist.xml; path = Info.plist; sourceTree = "<group>"; };
		3DA4F0BE23A5073B001A2B97 /* AppInit.swift */ = {isa = PBXFileReference; lastKnownFileType = sourcecode.swift; path = AppInit.swift; sourceTree = "<group>"; };
		3DA4F0C123A5093B001A2B97 /* HomepageViewController.swift */ = {isa = PBXFileReference; lastKnownFileType = sourcecode.swift; path = HomepageViewController.swift; sourceTree = "<group>"; };
		3DA4F0C423A509CC001A2B97 /* UINavigationContrroller+Styling.swift */ = {isa = PBXFileReference; lastKnownFileType = sourcecode.swift; path = "UINavigationContrroller+Styling.swift"; sourceTree = "<group>"; };
		3DA4F0C623A50B6A001A2B97 /* HomepageViewModel.swift */ = {isa = PBXFileReference; lastKnownFileType = sourcecode.swift; path = HomepageViewModel.swift; sourceTree = "<group>"; };
		3DA4F0C823A50B7B001A2B97 /* HomepageView.swift */ = {isa = PBXFileReference; lastKnownFileType = sourcecode.swift; path = HomepageView.swift; sourceTree = "<group>"; };
		3DA4F0CB23A50BD3001A2B97 /* ViewModel.swift */ = {isa = PBXFileReference; lastKnownFileType = sourcecode.swift; path = ViewModel.swift; sourceTree = "<group>"; };
		3DA4F0CD23A50C35001A2B97 /* ErrorHandler.swift */ = {isa = PBXFileReference; lastKnownFileType = sourcecode.swift; path = ErrorHandler.swift; sourceTree = "<group>"; };
		3DA4F0D123A50F9B001A2B97 /* SplashViewControllre.swift */ = {isa = PBXFileReference; lastKnownFileType = sourcecode.swift; path = SplashViewControllre.swift; sourceTree = "<group>"; };
		3DA4F0D423A50FDD001A2B97 /* View.swift */ = {isa = PBXFileReference; lastKnownFileType = sourcecode.swift; path = View.swift; sourceTree = "<group>"; };
		3DA4F0D623A51015001A2B97 /* UIView+Loading.swift */ = {isa = PBXFileReference; lastKnownFileType = sourcecode.swift; path = "UIView+Loading.swift"; sourceTree = "<group>"; };
		3DA4F0D823A510F8001A2B97 /* SplashView.swift */ = {isa = PBXFileReference; lastKnownFileType = sourcecode.swift; path = SplashView.swift; sourceTree = "<group>"; };
		3DA4F0DA23A51127001A2B97 /* SpashViewModel.swift */ = {isa = PBXFileReference; lastKnownFileType = sourcecode.swift; path = SpashViewModel.swift; sourceTree = "<group>"; };
		3DA4F0DC23A511AE001A2B97 /* SplashApi.swift */ = {isa = PBXFileReference; lastKnownFileType = sourcecode.swift; path = SplashApi.swift; sourceTree = "<group>"; };
		3DA4F0DE23A52152001A2B97 /* HomepageCell.swift */ = {isa = PBXFileReference; lastKnownFileType = sourcecode.swift; path = HomepageCell.swift; sourceTree = "<group>"; };
		3DA4F0E023A521C7001A2B97 /* UILabel+Maker.swift */ = {isa = PBXFileReference; lastKnownFileType = sourcecode.swift; path = "UILabel+Maker.swift"; sourceTree = "<group>"; };
		3DA4F0E323A5281C001A2B97 /* Size.swift */ = {isa = PBXFileReference; lastKnownFileType = sourcecode.swift; path = Size.swift; sourceTree = "<group>"; };
		3DA4F0E523A52BE1001A2B97 /* UIImage+Maker.swift */ = {isa = PBXFileReference; lastKnownFileType = sourcecode.swift; path = "UIImage+Maker.swift"; sourceTree = "<group>"; };
		3DA4F0E723A5320C001A2B97 /* Identifiable.swift */ = {isa = PBXFileReference; lastKnownFileType = sourcecode.swift; path = Identifiable.swift; sourceTree = "<group>"; };
		3DA4F0E923A53861001A2B97 /* UIButton+Maker.swift */ = {isa = PBXFileReference; lastKnownFileType = sourcecode.swift; path = "UIButton+Maker.swift"; sourceTree = "<group>"; };
		3DA4F0EB23A5397F001A2B97 /* UIStackView+Maker.swift */ = {isa = PBXFileReference; lastKnownFileType = sourcecode.swift; path = "UIStackView+Maker.swift"; sourceTree = "<group>"; };
		3DA4F0F423A53C6F001A2B97 /* WebViewController.swift */ = {isa = PBXFileReference; lastKnownFileType = sourcecode.swift; path = WebViewController.swift; sourceTree = "<group>"; };
		3DA4F0F823A54862001A2B97 /* HealthProfileViewController.swift */ = {isa = PBXFileReference; lastKnownFileType = sourcecode.swift; path = HealthProfileViewController.swift; sourceTree = "<group>"; };
		3DA4F0FA23A54CA7001A2B97 /* HealthProfileViewModel.swift */ = {isa = PBXFileReference; lastKnownFileType = sourcecode.swift; path = HealthProfileViewModel.swift; sourceTree = "<group>"; };
		3DA4F0FC23A54EC2001A2B97 /* HealthRecordsViewController.swift */ = {isa = PBXFileReference; lastKnownFileType = sourcecode.swift; path = HealthRecordsViewController.swift; sourceTree = "<group>"; };
		3DA4F0FE23A54EE7001A2B97 /* HealthRecordsViewModel.swift */ = {isa = PBXFileReference; lastKnownFileType = sourcecode.swift; path = HealthRecordsViewModel.swift; sourceTree = "<group>"; };
		3DB3B65323A550160024F373 /* NewRecordView.swift */ = {isa = PBXFileReference; lastKnownFileType = sourcecode.swift; path = NewRecordView.swift; sourceTree = "<group>"; };
		3DB3B65623A555A40024F373 /* InformationBlogViewController.swift */ = {isa = PBXFileReference; lastKnownFileType = sourcecode.swift; path = InformationBlogViewController.swift; sourceTree = "<group>"; };
		3DB3B65823A555FF0024F373 /* InformationBlogView.swift */ = {isa = PBXFileReference; lastKnownFileType = sourcecode.swift; path = InformationBlogView.swift; sourceTree = "<group>"; };
		3DB3B65A23A556120024F373 /* InformationBlogViewModel.swift */ = {isa = PBXFileReference; lastKnownFileType = sourcecode.swift; path = InformationBlogViewModel.swift; sourceTree = "<group>"; };
		3DB3B65C23A5568E0024F373 /* InformationBlogCell.swift */ = {isa = PBXFileReference; lastKnownFileType = sourcecode.swift; path = InformationBlogCell.swift; sourceTree = "<group>"; };
		3DBEC1D523F7E602005BDAA5 /* LoginProfileCoordinator.swift */ = {isa = PBXFileReference; lastKnownFileType = sourcecode.swift; path = LoginProfileCoordinator.swift; sourceTree = "<group>"; };
		3DBEC1D623F7E602005BDAA5 /* LoginProfileViewController.swift */ = {isa = PBXFileReference; lastKnownFileType = sourcecode.swift; path = LoginProfileViewController.swift; sourceTree = "<group>"; };
		3DBEC1D723F7E602005BDAA5 /* LoginProfileView.swift */ = {isa = PBXFileReference; lastKnownFileType = sourcecode.swift; path = LoginProfileView.swift; sourceTree = "<group>"; };
		3DBEC1D823F7E602005BDAA5 /* LoginProfileViewModel.swift */ = {isa = PBXFileReference; lastKnownFileType = sourcecode.swift; path = LoginProfileViewModel.swift; sourceTree = "<group>"; };
		3DF9C4B223EEBD9B00074729 /* LoginVerificationViewController.swift */ = {isa = PBXFileReference; lastKnownFileType = sourcecode.swift; path = LoginVerificationViewController.swift; sourceTree = "<group>"; };
		3DF9C4B423EEBDF100074729 /* LoginVerificationView.swift */ = {isa = PBXFileReference; lastKnownFileType = sourcecode.swift; path = LoginVerificationView.swift; sourceTree = "<group>"; };
		3DF9C4B623EEBE3D00074729 /* LoginVerificationViewModel.swift */ = {isa = PBXFileReference; lastKnownFileType = sourcecode.swift; path = LoginVerificationViewModel.swift; sourceTree = "<group>"; };
		49210B38D9E4B3F222895724 /* Pods-KybeleTests.debug.xcconfig */ = {isa = PBXFileReference; includeInIndex = 1; lastKnownFileType = text.xcconfig; name = "Pods-KybeleTests.debug.xcconfig"; path = "Target Support Files/Pods-KybeleTests/Pods-KybeleTests.debug.xcconfig"; sourceTree = "<group>"; };
		4B4F750E1E12F24926E71889 /* Pods_Kybele.framework */ = {isa = PBXFileReference; explicitFileType = wrapper.framework; includeInIndex = 0; path = Pods_Kybele.framework; sourceTree = BUILT_PRODUCTS_DIR; };
		4C3F4260DAB3D7111A15BA09 /* Pods-Kybele.release.xcconfig */ = {isa = PBXFileReference; includeInIndex = 1; lastKnownFileType = text.xcconfig; name = "Pods-Kybele.release.xcconfig"; path = "Target Support Files/Pods-Kybele/Pods-Kybele.release.xcconfig"; sourceTree = "<group>"; };
		56FA39E8CE8C8EAC3B464CCE /* Pods_Kybele_KybeleUITests.framework */ = {isa = PBXFileReference; explicitFileType = wrapper.framework; includeInIndex = 0; path = Pods_Kybele_KybeleUITests.framework; sourceTree = BUILT_PRODUCTS_DIR; };
		7B4CB829166DC18391AD4E85 /* Pods_KybeleTests.framework */ = {isa = PBXFileReference; explicitFileType = wrapper.framework; includeInIndex = 0; path = Pods_KybeleTests.framework; sourceTree = BUILT_PRODUCTS_DIR; };
		95D9531523A56110005BA7B4 /* LoginTwoFactorResponse.swift */ = {isa = PBXFileReference; lastKnownFileType = sourcecode.swift; path = LoginTwoFactorResponse.swift; sourceTree = "<group>"; };
		95D9531723A5616F005BA7B4 /* User.swift */ = {isa = PBXFileReference; lastKnownFileType = sourcecode.swift; path = User.swift; sourceTree = "<group>"; };
		95D9531923A56220005BA7B4 /* Language.swift */ = {isa = PBXFileReference; lastKnownFileType = sourcecode.swift; path = Language.swift; sourceTree = "<group>"; };
		95D9531B23A564E6005BA7B4 /* LoginResponse.swift */ = {isa = PBXFileReference; fileEncoding = 4; lastKnownFileType = sourcecode.swift; path = LoginResponse.swift; sourceTree = "<group>"; };
		AA816A3B9E6B94ECDB689980 /* Pods-Kybele-KybeleUITests.debug.xcconfig */ = {isa = PBXFileReference; includeInIndex = 1; lastKnownFileType = text.xcconfig; name = "Pods-Kybele-KybeleUITests.debug.xcconfig"; path = "Target Support Files/Pods-Kybele-KybeleUITests/Pods-Kybele-KybeleUITests.debug.xcconfig"; sourceTree = "<group>"; };
		B64944C43BE8B79A829B9C50 /* Pods-KybeleTests.release.xcconfig */ = {isa = PBXFileReference; includeInIndex = 1; lastKnownFileType = text.xcconfig; name = "Pods-KybeleTests.release.xcconfig"; path = "Target Support Files/Pods-KybeleTests/Pods-KybeleTests.release.xcconfig"; sourceTree = "<group>"; };
		C4F9C1B28828E7BC69478564 /* Pods-Kybele-KybeleUITests.release.xcconfig */ = {isa = PBXFileReference; includeInIndex = 1; lastKnownFileType = text.xcconfig; name = "Pods-Kybele-KybeleUITests.release.xcconfig"; path = "Target Support Files/Pods-Kybele-KybeleUITests/Pods-Kybele-KybeleUITests.release.xcconfig"; sourceTree = "<group>"; };
/* End PBXFileReference section */

/* Begin PBXFrameworksBuildPhase section */
		3DA4F08823A5035D001A2B97 /* Frameworks */ = {
			isa = PBXFrameworksBuildPhase;
			buildActionMask = 2147483647;
			files = (
				3D72902723E02A1B00FE094A /* Kingfisher.framework in Frameworks */,
				3D6FA1AF23DF0365005458A6 /* Alamofire in Frameworks */,
				3D6FA1B223E01F96005458A6 /* SwifterSwift in Frameworks */,
				3D4E962023DC77C200D45214 /* KeychainSwift in Frameworks */,
				3D72902A23E02CBF00FE094A /* Lottie.framework in Frameworks */,
				BCAF24AC6F0AE86F439C38CA /* Pods_Kybele.framework in Frameworks */,
			);
			runOnlyForDeploymentPostprocessing = 0;
		};
		3DA4F09E23A50360001A2B97 /* Frameworks */ = {
			isa = PBXFrameworksBuildPhase;
			buildActionMask = 2147483647;
			files = (
				9F34D623EA871ECE83812CAD /* Pods_KybeleTests.framework in Frameworks */,
			);
			runOnlyForDeploymentPostprocessing = 0;
		};
		3DA4F0A923A50360001A2B97 /* Frameworks */ = {
			isa = PBXFrameworksBuildPhase;
			buildActionMask = 2147483647;
			files = (
				11AF8BEF60E626397B61C89A /* Pods_Kybele_KybeleUITests.framework in Frameworks */,
			);
			runOnlyForDeploymentPostprocessing = 0;
		};
/* End PBXFrameworksBuildPhase section */

/* Begin PBXGroup section */
		3D345EB923E08A3D00F10BA2 /* Protocols */ = {
			isa = PBXGroup;
			children = (
				3DA4F0E723A5320C001A2B97 /* Identifiable.swift */,
				3D7635FB23F6CAD4006FA3F7 /* Invalidable.swift */,
			);
			path = Protocols;
			sourceTree = "<group>";
		};
		3D4E960723DC392700D45214 /* Network */ = {
			isa = PBXGroup;
			children = (
				3D4E960823DC394B00D45214 /* Endpoint.swift */,
				3D4E960D23DC3E9900D45214 /* Service.swift */,
			);
			path = Network;
			sourceTree = "<group>";
		};
		3D4E960F23DC503B00D45214 /* Login */ = {
			isa = PBXGroup;
			children = (
				3DF9C4B023EEBD5300074729 /* Credentials */,
				3DF9C4B123EEBD5F00074729 /* Verification */,
				3D76360423F7439F006FA3F7 /* Profile */,
			);
			path = Login;
			sourceTree = "<group>";
		};
		3D4E962123DC845400D45214 /* Services */ = {
			isa = PBXGroup;
			children = (
				3D4E962223DC846800D45214 /* KeychainService.swift */,
			);
			path = Services;
			sourceTree = "<group>";
		};
		3D7635EB23F59339006FA3F7 /* Base */ = {
			isa = PBXGroup;
			children = (
				3D7635EC23F59347006FA3F7 /* Coordinator.swift */,
			);
			path = Base;
			sourceTree = "<group>";
		};
		3D7635F223F6920E006FA3F7 /* UI */ = {
			isa = PBXGroup;
			children = (
				3D7635F323F69234006FA3F7 /* KeyboardAccessoryView.swift */,
				3D7635FF23F73A06006FA3F7 /* Text Input */,
			);
			path = UI;
			sourceTree = "<group>";
		};
		3D7635FF23F73A06006FA3F7 /* Text Input */ = {
			isa = PBXGroup;
			children = (
				3D7635FD23F73A00006FA3F7 /* TextInputField.swift */,
				3D76360023F73A67006FA3F7 /* TextInputContent.swift */,
			);
			path = "Text Input";
			sourceTree = "<group>";
		};
		3D76360423F7439F006FA3F7 /* Profile */ = {
			isa = PBXGroup;
			children = (
				3DBEC1D523F7E602005BDAA5 /* LoginProfileCoordinator.swift */,
				3DBEC1D723F7E602005BDAA5 /* LoginProfileView.swift */,
				3DBEC1D623F7E602005BDAA5 /* LoginProfileViewController.swift */,
				3DBEC1D823F7E602005BDAA5 /* LoginProfileViewModel.swift */,
			);
			path = Profile;
			sourceTree = "<group>";
		};
		3DA4F08223A5035D001A2B97 = {
			isa = PBXGroup;
			children = (
				3DA4F08D23A5035D001A2B97 /* Kybele */,
				3DA4F0A423A50360001A2B97 /* KybeleTests */,
				3DA4F0AF23A50360001A2B97 /* KybeleUITests */,
				3DA4F08C23A5035D001A2B97 /* Products */,
				D8C480923C1E182DA2BC42FC /* Frameworks */,
				F6F06370330B24C4134A10C1 /* Pods */,
			);
			sourceTree = "<group>";
		};
		3DA4F08C23A5035D001A2B97 /* Products */ = {
			isa = PBXGroup;
			children = (
				3DA4F08B23A5035D001A2B97 /* Kybele.app */,
				3DA4F0A123A50360001A2B97 /* KybeleTests.xctest */,
				3DA4F0AC23A50360001A2B97 /* KybeleUITests.xctest */,
			);
			name = Products;
			sourceTree = "<group>";
		};
		3DA4F08D23A5035D001A2B97 /* Kybele */ = {
			isa = PBXGroup;
			children = (
				3DA4F08E23A5035D001A2B97 /* AppDelegate.swift */,
				3DA4F09023A5035D001A2B97 /* SceneDelegate.swift */,
				3DA4F0BE23A5073B001A2B97 /* AppInit.swift */,
				3DA4F09723A5035F001A2B97 /* Assets.xcassets */,
				3D4E961623DC5B5600D45214 /* Colors.xcassets */,
				3DA4F09C23A5035F001A2B97 /* Info.plist */,
				3DA4F09923A5035F001A2B97 /* LaunchScreen.storyboard */,
				3DA4F0E223A5280E001A2B97 /* Constants */,
				3DA4F0C323A509B3001A2B97 /* Extensions */,
				3D4E960723DC392700D45214 /* Network */,
				3D345EB923E08A3D00F10BA2 /* Protocols */,
				95D9531223A560B5005BA7B4 /* Responses */,
				3DA4F0C023A50928001A2B97 /* Scenes */,
				3D4E962123DC845400D45214 /* Services */,
				3DA4F0CA23A50BB8001A2B97 /* Common */,
			);
			path = Kybele;
			sourceTree = "<group>";
		};
		3DA4F0A423A50360001A2B97 /* KybeleTests */ = {
			isa = PBXGroup;
			children = (
				3DA4F0A523A50360001A2B97 /* KybeleTests.swift */,
				3DA4F0A723A50360001A2B97 /* Info.plist */,
			);
			path = KybeleTests;
			sourceTree = "<group>";
		};
		3DA4F0AF23A50360001A2B97 /* KybeleUITests */ = {
			isa = PBXGroup;
			children = (
				3DA4F0B023A50360001A2B97 /* KybeleUITests.swift */,
				3DA4F0B223A50360001A2B97 /* Info.plist */,
			);
			path = KybeleUITests;
			sourceTree = "<group>";
		};
		3DA4F0C023A50928001A2B97 /* Scenes */ = {
			isa = PBXGroup;
			children = (
				3D7635EB23F59339006FA3F7 /* Base */,
				3DA4F0EE23A53ACE001A2B97 /* Calendar */,
				3DA4F0F223A53BD3001A2B97 /* HealthCenters */,
				3DA4F0EF23A53B76001A2B97 /* HealthProfile */,
				3DA4F0F123A53BB6001A2B97 /* HealthRecords */,
				3DA4F0CF23A50F7C001A2B97 /* Homepage */,
				3DB3B65523A555830024F373 /* InformationBlog */,
				3D4E960F23DC503B00D45214 /* Login */,
				3DA4F0D023A50F84001A2B97 /* Splash */,
			);
			path = Scenes;
			sourceTree = "<group>";
		};
		3DA4F0C323A509B3001A2B97 /* Extensions */ = {
			isa = PBXGroup;
			children = (
				3D72903123E046D100FE094A /* Any+Additions.swift */,
				3D7635F523F696EC006FA3F7 /* CGSize+Additions.swift */,
				3D7635F923F6C719006FA3F7 /* String+Additions.swift */,
				3D7635F723F6974F006FA3F7 /* UIBarButtonItem+Additions.swift */,
				3DA4F0E923A53861001A2B97 /* UIButton+Maker.swift */,
				3D4E961823DC5D0200D45214 /* UIColor+Colors.swift */,
				3DA4F0E523A52BE1001A2B97 /* UIImage+Maker.swift */,
				3DA4F0E023A521C7001A2B97 /* UILabel+Maker.swift */,
				3DA4F0C423A509CC001A2B97 /* UINavigationContrroller+Styling.swift */,
				3DA4F0EB23A5397F001A2B97 /* UIStackView+Maker.swift */,
				3D4E961A23DC600700D45214 /* UIView+Additions.swift */,
				3DA4F0D623A51015001A2B97 /* UIView+Loading.swift */,
			);
			path = Extensions;
			sourceTree = "<group>";
		};
		3DA4F0CA23A50BB8001A2B97 /* Common */ = {
			isa = PBXGroup;
			children = (
				3D7635F223F6920E006FA3F7 /* UI */,
				3DA4F0CD23A50C35001A2B97 /* ErrorHandler.swift */,
				3DA4F0D423A50FDD001A2B97 /* View.swift */,
				3DA4F0CB23A50BD3001A2B97 /* ViewModel.swift */,
				3DA4F0F423A53C6F001A2B97 /* WebViewController.swift */,
			);
			path = Common;
			sourceTree = "<group>";
		};
		3DA4F0CF23A50F7C001A2B97 /* Homepage */ = {
			isa = PBXGroup;
			children = (
				3DA4F0DE23A52152001A2B97 /* HomepageCell.swift */,
				3D76360223F73FED006FA3F7 /* HomepageCoordinator.swift */,
				3DA4F0C823A50B7B001A2B97 /* HomepageView.swift */,
				3DA4F0C123A5093B001A2B97 /* HomepageViewController.swift */,
				3DA4F0C623A50B6A001A2B97 /* HomepageViewModel.swift */,
			);
			path = Homepage;
			sourceTree = "<group>";
		};
		3DA4F0D023A50F84001A2B97 /* Splash */ = {
			isa = PBXGroup;
			children = (
				3DA4F0D123A50F9B001A2B97 /* SplashViewControllre.swift */,
				3DA4F0D823A510F8001A2B97 /* SplashView.swift */,
				3DA4F0DA23A51127001A2B97 /* SpashViewModel.swift */,
				3DA4F0DC23A511AE001A2B97 /* SplashApi.swift */,
			);
			path = Splash;
			sourceTree = "<group>";
		};
		3DA4F0E223A5280E001A2B97 /* Constants */ = {
			isa = PBXGroup;
			children = (
				3DA4F0E323A5281C001A2B97 /* Size.swift */,
				3D4E961C23DC6CB800D45214 /* Type.swift */,
			);
			path = Constants;
			sourceTree = "<group>";
		};
		3DA4F0EE23A53ACE001A2B97 /* Calendar */ = {
			isa = PBXGroup;
			children = (
			);
			path = Calendar;
			sourceTree = "<group>";
		};
		3DA4F0EF23A53B76001A2B97 /* HealthProfile */ = {
			isa = PBXGroup;
			children = (
				3DA4F0F823A54862001A2B97 /* HealthProfileViewController.swift */,
				3DA4F0FA23A54CA7001A2B97 /* HealthProfileViewModel.swift */,
			);
			path = HealthProfile;
			sourceTree = "<group>";
		};
		3DA4F0F123A53BB6001A2B97 /* HealthRecords */ = {
			isa = PBXGroup;
			children = (
				3DA4F0FC23A54EC2001A2B97 /* HealthRecordsViewController.swift */,
				3DA4F0FE23A54EE7001A2B97 /* HealthRecordsViewModel.swift */,
				3DB3B65323A550160024F373 /* NewRecordView.swift */,
			);
			path = HealthRecords;
			sourceTree = "<group>";
		};
		3DA4F0F223A53BD3001A2B97 /* HealthCenters */ = {
			isa = PBXGroup;
			children = (
			);
			path = HealthCenters;
			sourceTree = "<group>";
		};
		3DB3B65523A555830024F373 /* InformationBlog */ = {
			isa = PBXGroup;
			children = (
				3DB3B65623A555A40024F373 /* InformationBlogViewController.swift */,
				3DB3B65823A555FF0024F373 /* InformationBlogView.swift */,
				3DB3B65A23A556120024F373 /* InformationBlogViewModel.swift */,
				3DB3B65C23A5568E0024F373 /* InformationBlogCell.swift */,
			);
			path = InformationBlog;
			sourceTree = "<group>";
		};
		3DF9C4B023EEBD5300074729 /* Credentials */ = {
			isa = PBXGroup;
			children = (
				3D7635EE23F5936A006FA3F7 /* LoginCoordinator.swift */,
				3D4E961423DC505E00D45214 /* LoginView.swift */,
				3D4E961023DC504500D45214 /* LoginViewController.swift */,
				3D4E961223DC505200D45214 /* LoginViewModel.swift */,
			);
			path = Credentials;
			sourceTree = "<group>";
		};
		3DF9C4B123EEBD5F00074729 /* Verification */ = {
			isa = PBXGroup;
			children = (
				3D7635F023F5941C006FA3F7 /* LoginVerificationCoordinator.swift */,
				3DF9C4B423EEBDF100074729 /* LoginVerificationView.swift */,
				3DF9C4B223EEBD9B00074729 /* LoginVerificationViewController.swift */,
				3DF9C4B623EEBE3D00074729 /* LoginVerificationViewModel.swift */,
			);
			path = Verification;
			sourceTree = "<group>";
		};
		95D9531223A560B5005BA7B4 /* Responses */ = {
			isa = PBXGroup;
			children = (
				95D9531923A56220005BA7B4 /* Language.swift */,
				95D9531B23A564E6005BA7B4 /* LoginResponse.swift */,
				95D9531523A56110005BA7B4 /* LoginTwoFactorResponse.swift */,
				95D9531723A5616F005BA7B4 /* User.swift */,
			);
			path = Responses;
			sourceTree = "<group>";
		};
		D8C480923C1E182DA2BC42FC /* Frameworks */ = {
			isa = PBXGroup;
			children = (
				3D72902923E02CBF00FE094A /* Lottie.framework */,
				3D72902623E02A1B00FE094A /* Kingfisher.framework */,
				3D72902123E025CB00FE094A /* SnapKit.framework */,
				4B4F750E1E12F24926E71889 /* Pods_Kybele.framework */,
				56FA39E8CE8C8EAC3B464CCE /* Pods_Kybele_KybeleUITests.framework */,
				7B4CB829166DC18391AD4E85 /* Pods_KybeleTests.framework */,
			);
			name = Frameworks;
			sourceTree = "<group>";
		};
		F6F06370330B24C4134A10C1 /* Pods */ = {
			isa = PBXGroup;
			children = (
				37FBEFC97146565798E602E3 /* Pods-Kybele.debug.xcconfig */,
				4C3F4260DAB3D7111A15BA09 /* Pods-Kybele.release.xcconfig */,
				AA816A3B9E6B94ECDB689980 /* Pods-Kybele-KybeleUITests.debug.xcconfig */,
				C4F9C1B28828E7BC69478564 /* Pods-Kybele-KybeleUITests.release.xcconfig */,
				49210B38D9E4B3F222895724 /* Pods-KybeleTests.debug.xcconfig */,
				B64944C43BE8B79A829B9C50 /* Pods-KybeleTests.release.xcconfig */,
			);
			path = Pods;
			sourceTree = "<group>";
		};
/* End PBXGroup section */

/* Begin PBXNativeTarget section */
		3DA4F08A23A5035D001A2B97 /* Kybele */ = {
			isa = PBXNativeTarget;
			buildConfigurationList = 3DA4F0B523A50360001A2B97 /* Build configuration list for PBXNativeTarget "Kybele" */;
			buildPhases = (
				0E868E5145E53B7B5D5CB6E6 /* [CP] Check Pods Manifest.lock */,
				3DA4F08723A5035D001A2B97 /* Sources */,
				3DA4F08823A5035D001A2B97 /* Frameworks */,
				3DA4F08923A5035D001A2B97 /* Resources */,
				3D72902523E025E200FE094A /* ShellScript */,
				6644365EAAD4E90E57188BC6 /* [CP] Embed Pods Frameworks */,
			);
			buildRules = (
			);
			dependencies = (
			);
			name = Kybele;
			packageProductDependencies = (
				3D4E961F23DC77C200D45214 /* KeychainSwift */,
				3D6FA1AE23DF0365005458A6 /* Alamofire */,
				3D6FA1B123E01F96005458A6 /* SwifterSwift */,
			);
			productName = Kybele;
			productReference = 3DA4F08B23A5035D001A2B97 /* Kybele.app */;
			productType = "com.apple.product-type.application";
		};
		3DA4F0A023A50360001A2B97 /* KybeleTests */ = {
			isa = PBXNativeTarget;
			buildConfigurationList = 3DA4F0B823A50360001A2B97 /* Build configuration list for PBXNativeTarget "KybeleTests" */;
			buildPhases = (
				06C5C8849B3DF53CD4A446CC /* [CP] Check Pods Manifest.lock */,
				3DA4F09D23A50360001A2B97 /* Sources */,
				3DA4F09E23A50360001A2B97 /* Frameworks */,
				3DA4F09F23A50360001A2B97 /* Resources */,
			);
			buildRules = (
			);
			dependencies = (
				3DA4F0A323A50360001A2B97 /* PBXTargetDependency */,
			);
			name = KybeleTests;
			productName = KybeleTests;
			productReference = 3DA4F0A123A50360001A2B97 /* KybeleTests.xctest */;
			productType = "com.apple.product-type.bundle.unit-test";
		};
		3DA4F0AB23A50360001A2B97 /* KybeleUITests */ = {
			isa = PBXNativeTarget;
			buildConfigurationList = 3DA4F0BB23A50360001A2B97 /* Build configuration list for PBXNativeTarget "KybeleUITests" */;
			buildPhases = (
				FAD9CFB8432BD50360B55FAB /* [CP] Check Pods Manifest.lock */,
				3DA4F0A823A50360001A2B97 /* Sources */,
				3DA4F0A923A50360001A2B97 /* Frameworks */,
				3DA4F0AA23A50360001A2B97 /* Resources */,
				7384435B96BDAF03BACAEA2F /* [CP] Embed Pods Frameworks */,
			);
			buildRules = (
			);
			dependencies = (
				3DA4F0AE23A50360001A2B97 /* PBXTargetDependency */,
			);
			name = KybeleUITests;
			productName = KybeleUITests;
			productReference = 3DA4F0AC23A50360001A2B97 /* KybeleUITests.xctest */;
			productType = "com.apple.product-type.bundle.ui-testing";
		};
/* End PBXNativeTarget section */

/* Begin PBXProject section */
		3DA4F08323A5035D001A2B97 /* Project object */ = {
			isa = PBXProject;
			attributes = {
				LastSwiftUpdateCheck = 1130;
				LastUpgradeCheck = 1130;
				ORGANIZATIONNAME = "Rufat Mirza";
				TargetAttributes = {
					3DA4F08A23A5035D001A2B97 = {
						CreatedOnToolsVersion = 11.3;
					};
					3DA4F0A023A50360001A2B97 = {
						CreatedOnToolsVersion = 11.3;
						TestTargetID = 3DA4F08A23A5035D001A2B97;
					};
					3DA4F0AB23A50360001A2B97 = {
						CreatedOnToolsVersion = 11.3;
						TestTargetID = 3DA4F08A23A5035D001A2B97;
					};
				};
			};
			buildConfigurationList = 3DA4F08623A5035D001A2B97 /* Build configuration list for PBXProject "Kybele" */;
			compatibilityVersion = "Xcode 9.3";
			developmentRegion = en;
			hasScannedForEncodings = 0;
			knownRegions = (
				en,
				Base,
			);
			mainGroup = 3DA4F08223A5035D001A2B97;
			packageReferences = (
				3D4E961E23DC77C100D45214 /* XCRemoteSwiftPackageReference "keychain-swift" */,
				3D6FA1AD23DF0365005458A6 /* XCRemoteSwiftPackageReference "Alamofire" */,
				3D6FA1B023E01F96005458A6 /* XCRemoteSwiftPackageReference "SwifterSwift" */,
			);
			productRefGroup = 3DA4F08C23A5035D001A2B97 /* Products */;
			projectDirPath = "";
			projectRoot = "";
			targets = (
				3DA4F08A23A5035D001A2B97 /* Kybele */,
				3DA4F0A023A50360001A2B97 /* KybeleTests */,
				3DA4F0AB23A50360001A2B97 /* KybeleUITests */,
			);
		};
/* End PBXProject section */

/* Begin PBXResourcesBuildPhase section */
		3DA4F08923A5035D001A2B97 /* Resources */ = {
			isa = PBXResourcesBuildPhase;
			buildActionMask = 2147483647;
			files = (
				3D4E961723DC5B5600D45214 /* Colors.xcassets in Resources */,
				3DA4F09B23A5035F001A2B97 /* LaunchScreen.storyboard in Resources */,
				3DA4F09823A5035F001A2B97 /* Assets.xcassets in Resources */,
			);
			runOnlyForDeploymentPostprocessing = 0;
		};
		3DA4F09F23A50360001A2B97 /* Resources */ = {
			isa = PBXResourcesBuildPhase;
			buildActionMask = 2147483647;
			files = (
			);
			runOnlyForDeploymentPostprocessing = 0;
		};
		3DA4F0AA23A50360001A2B97 /* Resources */ = {
			isa = PBXResourcesBuildPhase;
			buildActionMask = 2147483647;
			files = (
			);
			runOnlyForDeploymentPostprocessing = 0;
		};
/* End PBXResourcesBuildPhase section */

/* Begin PBXShellScriptBuildPhase section */
		06C5C8849B3DF53CD4A446CC /* [CP] Check Pods Manifest.lock */ = {
			isa = PBXShellScriptBuildPhase;
			buildActionMask = 2147483647;
			files = (
			);
			inputFileListPaths = (
			);
			inputPaths = (
				"${PODS_PODFILE_DIR_PATH}/Podfile.lock",
				"${PODS_ROOT}/Manifest.lock",
			);
			name = "[CP] Check Pods Manifest.lock";
			outputFileListPaths = (
			);
			outputPaths = (
				"$(DERIVED_FILE_DIR)/Pods-KybeleTests-checkManifestLockResult.txt",
			);
			runOnlyForDeploymentPostprocessing = 0;
			shellPath = /bin/sh;
			shellScript = "diff \"${PODS_PODFILE_DIR_PATH}/Podfile.lock\" \"${PODS_ROOT}/Manifest.lock\" > /dev/null\nif [ $? != 0 ] ; then\n    # print error to STDERR\n    echo \"error: The sandbox is not in sync with the Podfile.lock. Run 'pod install' or update your CocoaPods installation.\" >&2\n    exit 1\nfi\n# This output is used by Xcode 'outputs' to avoid re-running this script phase.\necho \"SUCCESS\" > \"${SCRIPT_OUTPUT_FILE_0}\"\n";
			showEnvVarsInLog = 0;
		};
		0E868E5145E53B7B5D5CB6E6 /* [CP] Check Pods Manifest.lock */ = {
			isa = PBXShellScriptBuildPhase;
			buildActionMask = 2147483647;
			files = (
			);
			inputFileListPaths = (
			);
			inputPaths = (
				"${PODS_PODFILE_DIR_PATH}/Podfile.lock",
				"${PODS_ROOT}/Manifest.lock",
			);
			name = "[CP] Check Pods Manifest.lock";
			outputFileListPaths = (
			);
			outputPaths = (
				"$(DERIVED_FILE_DIR)/Pods-Kybele-checkManifestLockResult.txt",
			);
			runOnlyForDeploymentPostprocessing = 0;
			shellPath = /bin/sh;
			shellScript = "diff \"${PODS_PODFILE_DIR_PATH}/Podfile.lock\" \"${PODS_ROOT}/Manifest.lock\" > /dev/null\nif [ $? != 0 ] ; then\n    # print error to STDERR\n    echo \"error: The sandbox is not in sync with the Podfile.lock. Run 'pod install' or update your CocoaPods installation.\" >&2\n    exit 1\nfi\n# This output is used by Xcode 'outputs' to avoid re-running this script phase.\necho \"SUCCESS\" > \"${SCRIPT_OUTPUT_FILE_0}\"\n";
			showEnvVarsInLog = 0;
		};
		3D72902523E025E200FE094A /* ShellScript */ = {
			isa = PBXShellScriptBuildPhase;
			buildActionMask = 2147483647;
			files = (
			);
			inputFileListPaths = (
			);
			inputPaths = (
				"$(SRCROOT)/Carthage/Build/iOS/Kingfisher.framework",
				"$(SRCROOT)/Carthage/Build/iOS/Lottie.framework",
			);
			outputFileListPaths = (
			);
			outputPaths = (
				"$(BUILT_PRODUCTS_DIR)/$(FRAMEWORKS_FOLDER_PATH)/Kingfisher.framework",
				"$(BUILT_PRODUCTS_DIR)/$(FRAMEWORKS_FOLDER_PATH)/Lottie.framework",
			);
			runOnlyForDeploymentPostprocessing = 0;
			shellPath = /bin/sh;
			shellScript = "# Type a script or drag a script file from your workspace to insert its path.\n/usr/local/bin/carthage copy-frameworks\n";
		};
		6644365EAAD4E90E57188BC6 /* [CP] Embed Pods Frameworks */ = {
			isa = PBXShellScriptBuildPhase;
			buildActionMask = 2147483647;
			files = (
			);
			inputFileListPaths = (
				"${PODS_ROOT}/Target Support Files/Pods-Kybele/Pods-Kybele-frameworks-${CONFIGURATION}-input-files.xcfilelist",
			);
			name = "[CP] Embed Pods Frameworks";
			outputFileListPaths = (
				"${PODS_ROOT}/Target Support Files/Pods-Kybele/Pods-Kybele-frameworks-${CONFIGURATION}-output-files.xcfilelist",
			);
			runOnlyForDeploymentPostprocessing = 0;
			shellPath = /bin/sh;
			shellScript = "\"${PODS_ROOT}/Target Support Files/Pods-Kybele/Pods-Kybele-frameworks.sh\"\n";
			showEnvVarsInLog = 0;
		};
		7384435B96BDAF03BACAEA2F /* [CP] Embed Pods Frameworks */ = {
			isa = PBXShellScriptBuildPhase;
			buildActionMask = 2147483647;
			files = (
			);
			inputFileListPaths = (
				"${PODS_ROOT}/Target Support Files/Pods-Kybele-KybeleUITests/Pods-Kybele-KybeleUITests-frameworks-${CONFIGURATION}-input-files.xcfilelist",
			);
			name = "[CP] Embed Pods Frameworks";
			outputFileListPaths = (
				"${PODS_ROOT}/Target Support Files/Pods-Kybele-KybeleUITests/Pods-Kybele-KybeleUITests-frameworks-${CONFIGURATION}-output-files.xcfilelist",
			);
			runOnlyForDeploymentPostprocessing = 0;
			shellPath = /bin/sh;
			shellScript = "\"${PODS_ROOT}/Target Support Files/Pods-Kybele-KybeleUITests/Pods-Kybele-KybeleUITests-frameworks.sh\"\n";
			showEnvVarsInLog = 0;
		};
		FAD9CFB8432BD50360B55FAB /* [CP] Check Pods Manifest.lock */ = {
			isa = PBXShellScriptBuildPhase;
			buildActionMask = 2147483647;
			files = (
			);
			inputFileListPaths = (
			);
			inputPaths = (
				"${PODS_PODFILE_DIR_PATH}/Podfile.lock",
				"${PODS_ROOT}/Manifest.lock",
			);
			name = "[CP] Check Pods Manifest.lock";
			outputFileListPaths = (
			);
			outputPaths = (
				"$(DERIVED_FILE_DIR)/Pods-Kybele-KybeleUITests-checkManifestLockResult.txt",
			);
			runOnlyForDeploymentPostprocessing = 0;
			shellPath = /bin/sh;
			shellScript = "diff \"${PODS_PODFILE_DIR_PATH}/Podfile.lock\" \"${PODS_ROOT}/Manifest.lock\" > /dev/null\nif [ $? != 0 ] ; then\n    # print error to STDERR\n    echo \"error: The sandbox is not in sync with the Podfile.lock. Run 'pod install' or update your CocoaPods installation.\" >&2\n    exit 1\nfi\n# This output is used by Xcode 'outputs' to avoid re-running this script phase.\necho \"SUCCESS\" > \"${SCRIPT_OUTPUT_FILE_0}\"\n";
			showEnvVarsInLog = 0;
		};
/* End PBXShellScriptBuildPhase section */

/* Begin PBXSourcesBuildPhase section */
		3DA4F08723A5035D001A2B97 /* Sources */ = {
			isa = PBXSourcesBuildPhase;
			buildActionMask = 2147483647;
			files = (
				3D7635F423F69234006FA3F7 /* KeyboardAccessoryView.swift in Sources */,
				3D7635EF23F5936A006FA3F7 /* LoginCoordinator.swift in Sources */,
				3D4E961B23DC600700D45214 /* UIView+Additions.swift in Sources */,
				3DB3B65923A555FF0024F373 /* InformationBlogView.swift in Sources */,
				95D9531C23A564E6005BA7B4 /* LoginResponse.swift in Sources */,
				3D4E961123DC504500D45214 /* LoginViewController.swift in Sources */,
				3DA4F0CC23A50BD3001A2B97 /* ViewModel.swift in Sources */,
				3D7635F823F6974F006FA3F7 /* UIBarButtonItem+Additions.swift in Sources */,
				3D7635F123F5941C006FA3F7 /* LoginVerificationCoordinator.swift in Sources */,
				3DA4F0F523A53C6F001A2B97 /* WebViewController.swift in Sources */,
				3DA4F0D723A51015001A2B97 /* UIView+Loading.swift in Sources */,
				3DA4F0FF23A54EE7001A2B97 /* HealthRecordsViewModel.swift in Sources */,
				3DBEC1DC23F7E602005BDAA5 /* LoginProfileViewModel.swift in Sources */,
				3D4E961523DC505E00D45214 /* LoginView.swift in Sources */,
				3DF9C4B323EEBD9B00074729 /* LoginVerificationViewController.swift in Sources */,
				3DA4F0BF23A5073B001A2B97 /* AppInit.swift in Sources */,
				3DA4F0D223A50F9B001A2B97 /* SplashViewControllre.swift in Sources */,
				95D9531623A56110005BA7B4 /* LoginTwoFactorResponse.swift in Sources */,
				3DF9C4B523EEBDF100074729 /* LoginVerificationView.swift in Sources */,
				3D76360323F73FED006FA3F7 /* HomepageCoordinator.swift in Sources */,
				3DA4F0E423A5281C001A2B97 /* Size.swift in Sources */,
				3DA4F0FB23A54CA7001A2B97 /* HealthProfileViewModel.swift in Sources */,
				3DA4F08F23A5035D001A2B97 /* AppDelegate.swift in Sources */,
				3D4E960923DC394B00D45214 /* Endpoint.swift in Sources */,
				3DA4F0C723A50B6A001A2B97 /* HomepageViewModel.swift in Sources */,
				3DA4F0E623A52BE1001A2B97 /* UIImage+Maker.swift in Sources */,
				3D7635FE23F73A00006FA3F7 /* TextInputField.swift in Sources */,
				3DB3B65723A555A40024F373 /* InformationBlogViewController.swift in Sources */,
				3D4E960E23DC3E9900D45214 /* Service.swift in Sources */,
				3D76360123F73A67006FA3F7 /* TextInputContent.swift in Sources */,
				3D7635ED23F59347006FA3F7 /* Coordinator.swift in Sources */,
				3DBEC1DB23F7E602005BDAA5 /* LoginProfileView.swift in Sources */,
				3DA4F09123A5035D001A2B97 /* SceneDelegate.swift in Sources */,
				3D4E961323DC505300D45214 /* LoginViewModel.swift in Sources */,
				3D4E962323DC846800D45214 /* KeychainService.swift in Sources */,
				3DA4F0FD23A54EC2001A2B97 /* HealthRecordsViewController.swift in Sources */,
				3DB3B65B23A556120024F373 /* InformationBlogViewModel.swift in Sources */,
				3DA4F0C223A5093B001A2B97 /* HomepageViewController.swift in Sources */,
				3DA4F0E123A521C7001A2B97 /* UILabel+Maker.swift in Sources */,
				3DA4F0DB23A51127001A2B97 /* SpashViewModel.swift in Sources */,
				3D72903223E046D100FE094A /* Any+Additions.swift in Sources */,
				3DA4F0D523A50FDD001A2B97 /* View.swift in Sources */,
				3D7635F623F696EC006FA3F7 /* CGSize+Additions.swift in Sources */,
				3DB3B65D23A5568E0024F373 /* InformationBlogCell.swift in Sources */,
				3D7635FC23F6CAD4006FA3F7 /* Invalidable.swift in Sources */,
				3DA4F0F923A54862001A2B97 /* HealthProfileViewController.swift in Sources */,
				3DA4F0E823A5320C001A2B97 /* Identifiable.swift in Sources */,
				95D9531A23A56220005BA7B4 /* Language.swift in Sources */,
				3D7635FA23F6C719006FA3F7 /* String+Additions.swift in Sources */,
				3DA4F0DF23A52152001A2B97 /* HomepageCell.swift in Sources */,
				3DF9C4B723EEBE3D00074729 /* LoginVerificationViewModel.swift in Sources */,
				3DA4F0CE23A50C35001A2B97 /* ErrorHandler.swift in Sources */,
				3DA4F0EC23A5397F001A2B97 /* UIStackView+Maker.swift in Sources */,
				3DA4F0C923A50B7B001A2B97 /* HomepageView.swift in Sources */,
				3DBEC1DA23F7E602005BDAA5 /* LoginProfileViewController.swift in Sources */,
				3D4E961923DC5D0200D45214 /* UIColor+Colors.swift in Sources */,
				3DBEC1D923F7E602005BDAA5 /* LoginProfileCoordinator.swift in Sources */,
				3D4E961D23DC6CB800D45214 /* Type.swift in Sources */,
				3DA4F0C523A509CC001A2B97 /* UINavigationContrroller+Styling.swift in Sources */,
				3DA4F0D923A510F8001A2B97 /* SplashView.swift in Sources */,
				3DA4F0EA23A53861001A2B97 /* UIButton+Maker.swift in Sources */,
				95D9531823A5616F005BA7B4 /* User.swift in Sources */,
				3DA4F0DD23A511AE001A2B97 /* SplashApi.swift in Sources */,
				3DB3B65423A550160024F373 /* NewRecordView.swift in Sources */,
			);
			runOnlyForDeploymentPostprocessing = 0;
		};
		3DA4F09D23A50360001A2B97 /* Sources */ = {
			isa = PBXSourcesBuildPhase;
			buildActionMask = 2147483647;
			files = (
				3DA4F0A623A50360001A2B97 /* KybeleTests.swift in Sources */,
			);
			runOnlyForDeploymentPostprocessing = 0;
		};
		3DA4F0A823A50360001A2B97 /* Sources */ = {
			isa = PBXSourcesBuildPhase;
			buildActionMask = 2147483647;
			files = (
				3DA4F0B123A50360001A2B97 /* KybeleUITests.swift in Sources */,
			);
			runOnlyForDeploymentPostprocessing = 0;
		};
/* End PBXSourcesBuildPhase section */

/* Begin PBXTargetDependency section */
		3DA4F0A323A50360001A2B97 /* PBXTargetDependency */ = {
			isa = PBXTargetDependency;
			target = 3DA4F08A23A5035D001A2B97 /* Kybele */;
			targetProxy = 3DA4F0A223A50360001A2B97 /* PBXContainerItemProxy */;
		};
		3DA4F0AE23A50360001A2B97 /* PBXTargetDependency */ = {
			isa = PBXTargetDependency;
			target = 3DA4F08A23A5035D001A2B97 /* Kybele */;
			targetProxy = 3DA4F0AD23A50360001A2B97 /* PBXContainerItemProxy */;
		};
/* End PBXTargetDependency section */

/* Begin PBXVariantGroup section */
		3DA4F09923A5035F001A2B97 /* LaunchScreen.storyboard */ = {
			isa = PBXVariantGroup;
			children = (
				3DA4F09A23A5035F001A2B97 /* Base */,
			);
			name = LaunchScreen.storyboard;
			sourceTree = "<group>";
		};
/* End PBXVariantGroup section */

/* Begin XCBuildConfiguration section */
		3DA4F0B323A50360001A2B97 /* Debug */ = {
			isa = XCBuildConfiguration;
			buildSettings = {
				ALWAYS_SEARCH_USER_PATHS = NO;
				CLANG_ANALYZER_NONNULL = YES;
				CLANG_ANALYZER_NUMBER_OBJECT_CONVERSION = YES_AGGRESSIVE;
				CLANG_CXX_LANGUAGE_STANDARD = "gnu++14";
				CLANG_CXX_LIBRARY = "libc++";
				CLANG_ENABLE_MODULES = YES;
				CLANG_ENABLE_OBJC_ARC = YES;
				CLANG_ENABLE_OBJC_WEAK = YES;
				CLANG_WARN_BLOCK_CAPTURE_AUTORELEASING = YES;
				CLANG_WARN_BOOL_CONVERSION = YES;
				CLANG_WARN_COMMA = YES;
				CLANG_WARN_CONSTANT_CONVERSION = YES;
				CLANG_WARN_DEPRECATED_OBJC_IMPLEMENTATIONS = YES;
				CLANG_WARN_DIRECT_OBJC_ISA_USAGE = YES_ERROR;
				CLANG_WARN_DOCUMENTATION_COMMENTS = YES;
				CLANG_WARN_EMPTY_BODY = YES;
				CLANG_WARN_ENUM_CONVERSION = YES;
				CLANG_WARN_INFINITE_RECURSION = YES;
				CLANG_WARN_INT_CONVERSION = YES;
				CLANG_WARN_NON_LITERAL_NULL_CONVERSION = YES;
				CLANG_WARN_OBJC_IMPLICIT_RETAIN_SELF = YES;
				CLANG_WARN_OBJC_LITERAL_CONVERSION = YES;
				CLANG_WARN_OBJC_ROOT_CLASS = YES_ERROR;
				CLANG_WARN_RANGE_LOOP_ANALYSIS = YES;
				CLANG_WARN_STRICT_PROTOTYPES = YES;
				CLANG_WARN_SUSPICIOUS_MOVE = YES;
				CLANG_WARN_UNGUARDED_AVAILABILITY = YES_AGGRESSIVE;
				CLANG_WARN_UNREACHABLE_CODE = YES;
				CLANG_WARN__DUPLICATE_METHOD_MATCH = YES;
				COPY_PHASE_STRIP = NO;
				DEBUG_INFORMATION_FORMAT = dwarf;
				ENABLE_STRICT_OBJC_MSGSEND = YES;
				ENABLE_TESTABILITY = YES;
				GCC_C_LANGUAGE_STANDARD = gnu11;
				GCC_DYNAMIC_NO_PIC = NO;
				GCC_NO_COMMON_BLOCKS = YES;
				GCC_OPTIMIZATION_LEVEL = 0;
				GCC_PREPROCESSOR_DEFINITIONS = (
					"DEBUG=1",
					"$(inherited)",
				);
				GCC_WARN_64_TO_32_BIT_CONVERSION = YES;
				GCC_WARN_ABOUT_RETURN_TYPE = YES_ERROR;
				GCC_WARN_UNDECLARED_SELECTOR = YES;
				GCC_WARN_UNINITIALIZED_AUTOS = YES_AGGRESSIVE;
				GCC_WARN_UNUSED_FUNCTION = YES;
				GCC_WARN_UNUSED_VARIABLE = YES;
				IPHONEOS_DEPLOYMENT_TARGET = 13.2;
				MTL_ENABLE_DEBUG_INFO = INCLUDE_SOURCE;
				MTL_FAST_MATH = YES;
				ONLY_ACTIVE_ARCH = YES;
				SDKROOT = iphoneos;
				SWIFT_ACTIVE_COMPILATION_CONDITIONS = DEBUG;
				SWIFT_OPTIMIZATION_LEVEL = "-Onone";
			};
			name = Debug;
		};
		3DA4F0B423A50360001A2B97 /* Release */ = {
			isa = XCBuildConfiguration;
			buildSettings = {
				ALWAYS_SEARCH_USER_PATHS = NO;
				CLANG_ANALYZER_NONNULL = YES;
				CLANG_ANALYZER_NUMBER_OBJECT_CONVERSION = YES_AGGRESSIVE;
				CLANG_CXX_LANGUAGE_STANDARD = "gnu++14";
				CLANG_CXX_LIBRARY = "libc++";
				CLANG_ENABLE_MODULES = YES;
				CLANG_ENABLE_OBJC_ARC = YES;
				CLANG_ENABLE_OBJC_WEAK = YES;
				CLANG_WARN_BLOCK_CAPTURE_AUTORELEASING = YES;
				CLANG_WARN_BOOL_CONVERSION = YES;
				CLANG_WARN_COMMA = YES;
				CLANG_WARN_CONSTANT_CONVERSION = YES;
				CLANG_WARN_DEPRECATED_OBJC_IMPLEMENTATIONS = YES;
				CLANG_WARN_DIRECT_OBJC_ISA_USAGE = YES_ERROR;
				CLANG_WARN_DOCUMENTATION_COMMENTS = YES;
				CLANG_WARN_EMPTY_BODY = YES;
				CLANG_WARN_ENUM_CONVERSION = YES;
				CLANG_WARN_INFINITE_RECURSION = YES;
				CLANG_WARN_INT_CONVERSION = YES;
				CLANG_WARN_NON_LITERAL_NULL_CONVERSION = YES;
				CLANG_WARN_OBJC_IMPLICIT_RETAIN_SELF = YES;
				CLANG_WARN_OBJC_LITERAL_CONVERSION = YES;
				CLANG_WARN_OBJC_ROOT_CLASS = YES_ERROR;
				CLANG_WARN_RANGE_LOOP_ANALYSIS = YES;
				CLANG_WARN_STRICT_PROTOTYPES = YES;
				CLANG_WARN_SUSPICIOUS_MOVE = YES;
				CLANG_WARN_UNGUARDED_AVAILABILITY = YES_AGGRESSIVE;
				CLANG_WARN_UNREACHABLE_CODE = YES;
				CLANG_WARN__DUPLICATE_METHOD_MATCH = YES;
				COPY_PHASE_STRIP = NO;
				DEBUG_INFORMATION_FORMAT = "dwarf-with-dsym";
				ENABLE_NS_ASSERTIONS = NO;
				ENABLE_STRICT_OBJC_MSGSEND = YES;
				GCC_C_LANGUAGE_STANDARD = gnu11;
				GCC_NO_COMMON_BLOCKS = YES;
				GCC_WARN_64_TO_32_BIT_CONVERSION = YES;
				GCC_WARN_ABOUT_RETURN_TYPE = YES_ERROR;
				GCC_WARN_UNDECLARED_SELECTOR = YES;
				GCC_WARN_UNINITIALIZED_AUTOS = YES_AGGRESSIVE;
				GCC_WARN_UNUSED_FUNCTION = YES;
				GCC_WARN_UNUSED_VARIABLE = YES;
				IPHONEOS_DEPLOYMENT_TARGET = 13.2;
				MTL_ENABLE_DEBUG_INFO = NO;
				MTL_FAST_MATH = YES;
				SDKROOT = iphoneos;
				SWIFT_COMPILATION_MODE = wholemodule;
				SWIFT_OPTIMIZATION_LEVEL = "-O";
				VALIDATE_PRODUCT = YES;
			};
			name = Release;
		};
		3DA4F0B623A50360001A2B97 /* Debug */ = {
			isa = XCBuildConfiguration;
			baseConfigurationReference = 37FBEFC97146565798E602E3 /* Pods-Kybele.debug.xcconfig */;
			buildSettings = {
				ASSETCATALOG_COMPILER_APPICON_NAME = AppIcon;
				CODE_SIGN_STYLE = Automatic;
				DEVELOPMENT_TEAM = UJD4HJ663D;
				FRAMEWORK_SEARCH_PATHS = (
					"$(inherited)",
					"$(PROJECT_DIR)/Carthage/Build/iOS",
				);
				INFOPLIST_FILE = Kybele/Info.plist;
				IPHONEOS_DEPLOYMENT_TARGET = 11.0;
				LD_RUNPATH_SEARCH_PATHS = (
					"$(inherited)",
					"@executable_path/Frameworks",
				);
				PRODUCT_BUNDLE_IDENTIFIER = ngo.hera.Kybele;
				PRODUCT_NAME = "$(TARGET_NAME)";
				SWIFT_VERSION = 5.0;
				TARGETED_DEVICE_FAMILY = 1;
			};
			name = Debug;
		};
		3DA4F0B723A50360001A2B97 /* Release */ = {
			isa = XCBuildConfiguration;
			baseConfigurationReference = 4C3F4260DAB3D7111A15BA09 /* Pods-Kybele.release.xcconfig */;
			buildSettings = {
				ASSETCATALOG_COMPILER_APPICON_NAME = AppIcon;
				CODE_SIGN_STYLE = Automatic;
				DEVELOPMENT_TEAM = UJD4HJ663D;
				FRAMEWORK_SEARCH_PATHS = (
					"$(inherited)",
					"$(PROJECT_DIR)/Carthage/Build/iOS",
				);
				INFOPLIST_FILE = Kybele/Info.plist;
				IPHONEOS_DEPLOYMENT_TARGET = 11.0;
				LD_RUNPATH_SEARCH_PATHS = (
					"$(inherited)",
					"@executable_path/Frameworks",
				);
				PRODUCT_BUNDLE_IDENTIFIER = ngo.hera.Kybele;
				PRODUCT_NAME = "$(TARGET_NAME)";
				SWIFT_VERSION = 5.0;
				TARGETED_DEVICE_FAMILY = 1;
			};
			name = Release;
		};
		3DA4F0B923A50360001A2B97 /* Debug */ = {
			isa = XCBuildConfiguration;
			baseConfigurationReference = 49210B38D9E4B3F222895724 /* Pods-KybeleTests.debug.xcconfig */;
			buildSettings = {
				ALWAYS_EMBED_SWIFT_STANDARD_LIBRARIES = YES;
				BUNDLE_LOADER = "$(TEST_HOST)";
				CODE_SIGN_STYLE = Automatic;
				INFOPLIST_FILE = KybeleTests/Info.plist;
				IPHONEOS_DEPLOYMENT_TARGET = 13.2;
				LD_RUNPATH_SEARCH_PATHS = (
					"$(inherited)",
					"@executable_path/Frameworks",
					"@loader_path/Frameworks",
				);
				PRODUCT_BUNDLE_IDENTIFIER = ngo.hera.KybeleTests;
				PRODUCT_NAME = "$(TARGET_NAME)";
				SWIFT_VERSION = 5.0;
				TARGETED_DEVICE_FAMILY = "1,2";
				TEST_HOST = "$(BUILT_PRODUCTS_DIR)/Kybele.app/Kybele";
			};
			name = Debug;
		};
		3DA4F0BA23A50360001A2B97 /* Release */ = {
			isa = XCBuildConfiguration;
			baseConfigurationReference = B64944C43BE8B79A829B9C50 /* Pods-KybeleTests.release.xcconfig */;
			buildSettings = {
				ALWAYS_EMBED_SWIFT_STANDARD_LIBRARIES = YES;
				BUNDLE_LOADER = "$(TEST_HOST)";
				CODE_SIGN_STYLE = Automatic;
				INFOPLIST_FILE = KybeleTests/Info.plist;
				IPHONEOS_DEPLOYMENT_TARGET = 13.2;
				LD_RUNPATH_SEARCH_PATHS = (
					"$(inherited)",
					"@executable_path/Frameworks",
					"@loader_path/Frameworks",
				);
				PRODUCT_BUNDLE_IDENTIFIER = ngo.hera.KybeleTests;
				PRODUCT_NAME = "$(TARGET_NAME)";
				SWIFT_VERSION = 5.0;
				TARGETED_DEVICE_FAMILY = "1,2";
				TEST_HOST = "$(BUILT_PRODUCTS_DIR)/Kybele.app/Kybele";
			};
			name = Release;
		};
		3DA4F0BC23A50360001A2B97 /* Debug */ = {
			isa = XCBuildConfiguration;
			baseConfigurationReference = AA816A3B9E6B94ECDB689980 /* Pods-Kybele-KybeleUITests.debug.xcconfig */;
			buildSettings = {
				ALWAYS_EMBED_SWIFT_STANDARD_LIBRARIES = YES;
				CODE_SIGN_STYLE = Automatic;
				INFOPLIST_FILE = KybeleUITests/Info.plist;
				LD_RUNPATH_SEARCH_PATHS = (
					"$(inherited)",
					"@executable_path/Frameworks",
					"@loader_path/Frameworks",
				);
				PRODUCT_BUNDLE_IDENTIFIER = ngo.hera.KybeleUITests;
				PRODUCT_NAME = "$(TARGET_NAME)";
				SWIFT_VERSION = 5.0;
				TARGETED_DEVICE_FAMILY = "1,2";
				TEST_TARGET_NAME = Kybele;
			};
			name = Debug;
		};
		3DA4F0BD23A50360001A2B97 /* Release */ = {
			isa = XCBuildConfiguration;
			baseConfigurationReference = C4F9C1B28828E7BC69478564 /* Pods-Kybele-KybeleUITests.release.xcconfig */;
			buildSettings = {
				ALWAYS_EMBED_SWIFT_STANDARD_LIBRARIES = YES;
				CODE_SIGN_STYLE = Automatic;
				INFOPLIST_FILE = KybeleUITests/Info.plist;
				LD_RUNPATH_SEARCH_PATHS = (
					"$(inherited)",
					"@executable_path/Frameworks",
					"@loader_path/Frameworks",
				);
				PRODUCT_BUNDLE_IDENTIFIER = ngo.hera.KybeleUITests;
				PRODUCT_NAME = "$(TARGET_NAME)";
				SWIFT_VERSION = 5.0;
				TARGETED_DEVICE_FAMILY = "1,2";
				TEST_TARGET_NAME = Kybele;
			};
			name = Release;
		};
/* End XCBuildConfiguration section */

/* Begin XCConfigurationList section */
		3DA4F08623A5035D001A2B97 /* Build configuration list for PBXProject "Kybele" */ = {
			isa = XCConfigurationList;
			buildConfigurations = (
				3DA4F0B323A50360001A2B97 /* Debug */,
				3DA4F0B423A50360001A2B97 /* Release */,
			);
			defaultConfigurationIsVisible = 0;
			defaultConfigurationName = Release;
		};
		3DA4F0B523A50360001A2B97 /* Build configuration list for PBXNativeTarget "Kybele" */ = {
			isa = XCConfigurationList;
			buildConfigurations = (
				3DA4F0B623A50360001A2B97 /* Debug */,
				3DA4F0B723A50360001A2B97 /* Release */,
			);
			defaultConfigurationIsVisible = 0;
			defaultConfigurationName = Release;
		};
		3DA4F0B823A50360001A2B97 /* Build configuration list for PBXNativeTarget "KybeleTests" */ = {
			isa = XCConfigurationList;
			buildConfigurations = (
				3DA4F0B923A50360001A2B97 /* Debug */,
				3DA4F0BA23A50360001A2B97 /* Release */,
			);
			defaultConfigurationIsVisible = 0;
			defaultConfigurationName = Release;
		};
		3DA4F0BB23A50360001A2B97 /* Build configuration list for PBXNativeTarget "KybeleUITests" */ = {
			isa = XCConfigurationList;
			buildConfigurations = (
				3DA4F0BC23A50360001A2B97 /* Debug */,
				3DA4F0BD23A50360001A2B97 /* Release */,
			);
			defaultConfigurationIsVisible = 0;
			defaultConfigurationName = Release;
		};
/* End XCConfigurationList section */

/* Begin XCRemoteSwiftPackageReference section */
		3D4E961E23DC77C100D45214 /* XCRemoteSwiftPackageReference "keychain-swift" */ = {
			isa = XCRemoteSwiftPackageReference;
			repositoryURL = "https://github.com/evgenyneu/keychain-swift.git";
			requirement = {
				kind = upToNextMajorVersion;
				minimumVersion = 19.0.0;
			};
		};
		3D6FA1AD23DF0365005458A6 /* XCRemoteSwiftPackageReference "Alamofire" */ = {
			isa = XCRemoteSwiftPackageReference;
			repositoryURL = "https://github.com/Alamofire/Alamofire.git";
			requirement = {
				kind = exactVersion;
				version = "5.0.0-rc.3";
			};
		};
		3D6FA1B023E01F96005458A6 /* XCRemoteSwiftPackageReference "SwifterSwift" */ = {
			isa = XCRemoteSwiftPackageReference;
			repositoryURL = "https://github.com/SwifterSwift/SwifterSwift.git";
			requirement = {
				kind = upToNextMajorVersion;
				minimumVersion = 5.1.0;
			};
		};
/* End XCRemoteSwiftPackageReference section */

/* Begin XCSwiftPackageProductDependency section */
		3D4E961F23DC77C200D45214 /* KeychainSwift */ = {
			isa = XCSwiftPackageProductDependency;
			package = 3D4E961E23DC77C100D45214 /* XCRemoteSwiftPackageReference "keychain-swift" */;
			productName = KeychainSwift;
		};
		3D6FA1AE23DF0365005458A6 /* Alamofire */ = {
			isa = XCSwiftPackageProductDependency;
			package = 3D6FA1AD23DF0365005458A6 /* XCRemoteSwiftPackageReference "Alamofire" */;
			productName = Alamofire;
		};
		3D6FA1B123E01F96005458A6 /* SwifterSwift */ = {
			isa = XCSwiftPackageProductDependency;
			package = 3D6FA1B023E01F96005458A6 /* XCRemoteSwiftPackageReference "SwifterSwift" */;
			productName = SwifterSwift;
		};
/* End XCSwiftPackageProductDependency section */
	};
	rootObject = 3DA4F08323A5035D001A2B97 /* Project object */;
}
