// !$*UTF8*$!
{
	archiveVersion = 1;
	classes = {
	};
	objectVersion = 50;
	objects = {

/* Begin PBXBuildFile section */
		3DA4F08F23A5035D001A2B97 /* AppDelegate.swift in Sources */ = {isa = PBXBuildFile; fileRef = 3DA4F08E23A5035D001A2B97 /* AppDelegate.swift */; };
		3DA4F09123A5035D001A2B97 /* SceneDelegate.swift in Sources */ = {isa = PBXBuildFile; fileRef = 3DA4F09023A5035D001A2B97 /* SceneDelegate.swift */; };
		3DA4F09323A5035D001A2B97 /* ViewController.swift in Sources */ = {isa = PBXBuildFile; fileRef = 3DA4F09223A5035D001A2B97 /* ViewController.swift */; };
		3DA4F09623A5035D001A2B97 /* Main.storyboard in Resources */ = {isa = PBXBuildFile; fileRef = 3DA4F09423A5035D001A2B97 /* Main.storyboard */; };
		3DA4F09823A5035F001A2B97 /* Assets.xcassets in Resources */ = {isa = PBXBuildFile; fileRef = 3DA4F09723A5035F001A2B97 /* Assets.xcassets */; };
		3DA4F09B23A5035F001A2B97 /* LaunchScreen.storyboard in Resources */ = {isa = PBXBuildFile; fileRef = 3DA4F09923A5035F001A2B97 /* LaunchScreen.storyboard */; };
		3DA4F0A623A50360001A2B97 /* KybeleTests.swift in Sources */ = {isa = PBXBuildFile; fileRef = 3DA4F0A523A50360001A2B97 /* KybeleTests.swift */; };
		3DA4F0B123A50360001A2B97 /* KybeleUITests.swift in Sources */ = {isa = PBXBuildFile; fileRef = 3DA4F0B023A50360001A2B97 /* KybeleUITests.swift */; };
/* End PBXBuildFile section */

/* Begin PBXContainerItemProxy section */
		3DA4F0A223A50360001A2B97 /* PBXContainerItemProxy */ = {
			isa = PBXContainerItemProxy;
			containerPortal = 3DA4F08323A5035D001A2B97 /* Project object */;
			proxyType = 1;
			remoteGlobalIDString = 3DA4F08A23A5035D001A2B97;
			remoteInfo = Kybele;
		};
		3DA4F0AD23A50360001A2B97 /* PBXContainerItemProxy */ = {
			isa = PBXContainerItemProxy;
			containerPortal = 3DA4F08323A5035D001A2B97 /* Project object */;
			proxyType = 1;
			remoteGlobalIDString = 3DA4F08A23A5035D001A2B97;
			remoteInfo = Kybele;
		};
/* End PBXContainerItemProxy section */

/* Begin PBXFileReference section */
		3DA4F08B23A5035D001A2B97 /* Kybele.app */ = {isa = PBXFileReference; explicitFileType = wrapper.application; includeInIndex = 0; path = Kybele.app; sourceTree = BUILT_PRODUCTS_DIR; };
		3DA4F08E23A5035D001A2B97 /* AppDelegate.swift */ = {isa = PBXFileReference; lastKnownFileType = sourcecode.swift; path = AppDelegate.swift; sourceTree = "<group>"; };
		3DA4F09023A5035D001A2B97 /* SceneDelegate.swift */ = {isa = PBXFileReference; lastKnownFileType = sourcecode.swift; path = SceneDelegate.swift; sourceTree = "<group>"; };
		3DA4F09223A5035D001A2B97 /* ViewController.swift */ = {isa = PBXFileReference; lastKnownFileType = sourcecode.swift; path = ViewController.swift; sourceTree = "<group>"; };
		3DA4F09523A5035D001A2B97 /* Base */ = {isa = PBXFileReference; lastKnownFileType = file.storyboard; name = Base; path = Base.lproj/Main.storyboard; sourceTree = "<group>"; };
		3DA4F09723A5035F001A2B97 /* Assets.xcassets */ = {isa = PBXFileReference; lastKnownFileType = folder.assetcatalog; path = Assets.xcassets; sourceTree = "<group>"; };
		3DA4F09A23A5035F001A2B97 /* Base */ = {isa = PBXFileReference; lastKnownFileType = file.storyboard; name = Base; path = Base.lproj/LaunchScreen.storyboard; sourceTree = "<group>"; };
		3DA4F09C23A5035F001A2B97 /* Info.plist */ = {isa = PBXFileReference; lastKnownFileType = text.plist.xml; path = Info.plist; sourceTree = "<group>"; };
		3DA4F0A123A50360001A2B97 /* KybeleTests.xctest */ = {isa = PBXFileReference; explicitFileType = wrapper.cfbundle; includeInIndex = 0; path = KybeleTests.xctest; sourceTree = BUILT_PRODUCTS_DIR; };
		3DA4F0A523A50360001A2B97 /* KybeleTests.swift */ = {isa = PBXFileReference; lastKnownFileType = sourcecode.swift; path = KybeleTests.swift; sourceTree = "<group>"; };
		3DA4F0A723A50360001A2B97 /* Info.plist */ = {isa = PBXFileReference; lastKnownFileType = text.plist.xml; path = Info.plist; sourceTree = "<group>"; };
		3DA4F0AC23A50360001A2B97 /* KybeleUITests.xctest */ = {isa = PBXFileReference; explicitFileType = wrapper.cfbundle; includeInIndex = 0; path = KybeleUITests.xctest; sourceTree = BUILT_PRODUCTS_DIR; };
		3DA4F0B023A50360001A2B97 /* KybeleUITests.swift */ = {isa = PBXFileReference; lastKnownFileType = sourcecode.swift; path = KybeleUITests.swift; sourceTree = "<group>"; };
		3DA4F0B223A50360001A2B97 /* Info.plist */ = {isa = PBXFileReference; lastKnownFileType = text.plist.xml; path = Info.plist; sourceTree = "<group>"; };
/* End PBXFileReference section */

/* Begin PBXFrameworksBuildPhase section */
		3DA4F08823A5035D001A2B97 /* Frameworks */ = {
			isa = PBXFrameworksBuildPhase;
			buildActionMask = 2147483647;
			files = (
			);
			runOnlyForDeploymentPostprocessing = 0;
		};
		3DA4F09E23A50360001A2B97 /* Frameworks */ = {
			isa = PBXFrameworksBuildPhase;
			buildActionMask = 2147483647;
			files = (
			);
			runOnlyForDeploymentPostprocessing = 0;
		};
		3DA4F0A923A50360001A2B97 /* Frameworks */ = {
			isa = PBXFrameworksBuildPhase;
			buildActionMask = 2147483647;
			files = (
			);
			runOnlyForDeploymentPostprocessing = 0;
		};
/* End PBXFrameworksBuildPhase section */

/* Begin PBXGroup section */
		3DA4F08223A5035D001A2B97 = {
			isa = PBXGroup;
			children = (
				3DA4F08D23A5035D001A2B97 /* Kybele */,
				3DA4F0A423A50360001A2B97 /* KybeleTests */,
				3DA4F0AF23A50360001A2B97 /* KybeleUITests */,
				3DA4F08C23A5035D001A2B97 /* Products */,
			);
			sourceTree = "<group>";
		};
		3DA4F08C23A5035D001A2B97 /* Products */ = {
			isa = PBXGroup;
			children = (
				3DA4F08B23A5035D001A2B97 /* Kybele.app */,
				3DA4F0A123A50360001A2B97 /* KybeleTests.xctest */,
				3DA4F0AC23A50360001A2B97 /* KybeleUITests.xctest */,
			);
			name = Products;
			sourceTree = "<group>";
		};
		3DA4F08D23A5035D001A2B97 /* Kybele */ = {
			isa = PBXGroup;
			children = (
				3DA4F08E23A5035D001A2B97 /* AppDelegate.swift */,
				3DA4F09023A5035D001A2B97 /* SceneDelegate.swift */,
				3DA4F09223A5035D001A2B97 /* ViewController.swift */,
				3DA4F09423A5035D001A2B97 /* Main.storyboard */,
				3DA4F09723A5035F001A2B97 /* Assets.xcassets */,
				3DA4F09923A5035F001A2B97 /* LaunchScreen.storyboard */,
				3DA4F09C23A5035F001A2B97 /* Info.plist */,
			);
			path = Kybele;
			sourceTree = "<group>";
		};
		3DA4F0A423A50360001A2B97 /* KybeleTests */ = {
			isa = PBXGroup;
			children = (
				3DA4F0A523A50360001A2B97 /* KybeleTests.swift */,
				3DA4F0A723A50360001A2B97 /* Info.plist */,
			);
			path = KybeleTests;
			sourceTree = "<group>";
		};
		3DA4F0AF23A50360001A2B97 /* KybeleUITests */ = {
			isa = PBXGroup;
			children = (
				3DA4F0B023A50360001A2B97 /* KybeleUITests.swift */,
				3DA4F0B223A50360001A2B97 /* Info.plist */,
			);
			path = KybeleUITests;
			sourceTree = "<group>";
		};
/* End PBXGroup section */

/* Begin PBXNativeTarget section */
		3DA4F08A23A5035D001A2B97 /* Kybele */ = {
			isa = PBXNativeTarget;
			buildConfigurationList = 3DA4F0B523A50360001A2B97 /* Build configuration list for PBXNativeTarget "Kybele" */;
			buildPhases = (
				3DA4F08723A5035D001A2B97 /* Sources */,
				3DA4F08823A5035D001A2B97 /* Frameworks */,
				3DA4F08923A5035D001A2B97 /* Resources */,
			);
			buildRules = (
			);
			dependencies = (
			);
			name = Kybele;
			productName = Kybele;
			productReference = 3DA4F08B23A5035D001A2B97 /* Kybele.app */;
			productType = "com.apple.product-type.application";
		};
		3DA4F0A023A50360001A2B97 /* KybeleTests */ = {
			isa = PBXNativeTarget;
			buildConfigurationList = 3DA4F0B823A50360001A2B97 /* Build configuration list for PBXNativeTarget "KybeleTests" */;
			buildPhases = (
				3DA4F09D23A50360001A2B97 /* Sources */,
				3DA4F09E23A50360001A2B97 /* Frameworks */,
				3DA4F09F23A50360001A2B97 /* Resources */,
			);
			buildRules = (
			);
			dependencies = (
				3DA4F0A323A50360001A2B97 /* PBXTargetDependency */,
			);
			name = KybeleTests;
			productName = KybeleTests;
			productReference = 3DA4F0A123A50360001A2B97 /* KybeleTests.xctest */;
			productType = "com.apple.product-type.bundle.unit-test";
		};
		3DA4F0AB23A50360001A2B97 /* KybeleUITests */ = {
			isa = PBXNativeTarget;
			buildConfigurationList = 3DA4F0BB23A50360001A2B97 /* Build configuration list for PBXNativeTarget "KybeleUITests" */;
			buildPhases = (
				3DA4F0A823A50360001A2B97 /* Sources */,
				3DA4F0A923A50360001A2B97 /* Frameworks */,
				3DA4F0AA23A50360001A2B97 /* Resources */,
			);
			buildRules = (
			);
			dependencies = (
				3DA4F0AE23A50360001A2B97 /* PBXTargetDependency */,
			);
			name = KybeleUITests;
			productName = KybeleUITests;
			productReference = 3DA4F0AC23A50360001A2B97 /* KybeleUITests.xctest */;
			productType = "com.apple.product-type.bundle.ui-testing";
		};
/* End PBXNativeTarget section */

/* Begin PBXProject section */
		3DA4F08323A5035D001A2B97 /* Project object */ = {
			isa = PBXProject;
			attributes = {
				LastSwiftUpdateCheck = 1130;
				LastUpgradeCheck = 1130;
				ORGANIZATIONNAME = "Rufat Mirza";
				TargetAttributes = {
					3DA4F08A23A5035D001A2B97 = {
						CreatedOnToolsVersion = 11.3;
					};
					3DA4F0A023A50360001A2B97 = {
						CreatedOnToolsVersion = 11.3;
						TestTargetID = 3DA4F08A23A5035D001A2B97;
					};
					3DA4F0AB23A50360001A2B97 = {
						CreatedOnToolsVersion = 11.3;
						TestTargetID = 3DA4F08A23A5035D001A2B97;
					};
				};
			};
			buildConfigurationList = 3DA4F08623A5035D001A2B97 /* Build configuration list for PBXProject "Kybele" */;
			compatibilityVersion = "Xcode 9.3";
			developmentRegion = en;
			hasScannedForEncodings = 0;
			knownRegions = (
				en,
				Base,
			);
			mainGroup = 3DA4F08223A5035D001A2B97;
			productRefGroup = 3DA4F08C23A5035D001A2B97 /* Products */;
			projectDirPath = "";
			projectRoot = "";
			targets = (
				3DA4F08A23A5035D001A2B97 /* Kybele */,
				3DA4F0A023A50360001A2B97 /* KybeleTests */,
				3DA4F0AB23A50360001A2B97 /* KybeleUITests */,
			);
		};
/* End PBXProject section */

/* Begin PBXResourcesBuildPhase section */
		3DA4F08923A5035D001A2B97 /* Resources */ = {
			isa = PBXResourcesBuildPhase;
			buildActionMask = 2147483647;
			files = (
				3DA4F09B23A5035F001A2B97 /* LaunchScreen.storyboard in Resources */,
				3DA4F09823A5035F001A2B97 /* Assets.xcassets in Resources */,
				3DA4F09623A5035D001A2B97 /* Main.storyboard in Resources */,
			);
			runOnlyForDeploymentPostprocessing = 0;
		};
		3DA4F09F23A50360001A2B97 /* Resources */ = {
			isa = PBXResourcesBuildPhase;
			buildActionMask = 2147483647;
			files = (
			);
			runOnlyForDeploymentPostprocessing = 0;
		};
		3DA4F0AA23A50360001A2B97 /* Resources */ = {
			isa = PBXResourcesBuildPhase;
			buildActionMask = 2147483647;
			files = (
			);
			runOnlyForDeploymentPostprocessing = 0;
		};
/* End PBXResourcesBuildPhase section */

/* Begin PBXSourcesBuildPhase section */
		3DA4F08723A5035D001A2B97 /* Sources */ = {
			isa = PBXSourcesBuildPhase;
			buildActionMask = 2147483647;
			files = (
				3DA4F09323A5035D001A2B97 /* ViewController.swift in Sources */,
				3DA4F08F23A5035D001A2B97 /* AppDelegate.swift in Sources */,
				3DA4F09123A5035D001A2B97 /* SceneDelegate.swift in Sources */,
			);
			runOnlyForDeploymentPostprocessing = 0;
		};
		3DA4F09D23A50360001A2B97 /* Sources */ = {
			isa = PBXSourcesBuildPhase;
			buildActionMask = 2147483647;
			files = (
				3DA4F0A623A50360001A2B97 /* KybeleTests.swift in Sources */,
			);
			runOnlyForDeploymentPostprocessing = 0;
		};
		3DA4F0A823A50360001A2B97 /* Sources */ = {
			isa = PBXSourcesBuildPhase;
			buildActionMask = 2147483647;
			files = (
				3DA4F0B123A50360001A2B97 /* KybeleUITests.swift in Sources */,
			);
			runOnlyForDeploymentPostprocessing = 0;
		};
/* End PBXSourcesBuildPhase section */

/* Begin PBXTargetDependency section */
		3DA4F0A323A50360001A2B97 /* PBXTargetDependency */ = {
			isa = PBXTargetDependency;
			target = 3DA4F08A23A5035D001A2B97 /* Kybele */;
			targetProxy = 3DA4F0A223A50360001A2B97 /* PBXContainerItemProxy */;
		};
		3DA4F0AE23A50360001A2B97 /* PBXTargetDependency */ = {
			isa = PBXTargetDependency;
			target = 3DA4F08A23A5035D001A2B97 /* Kybele */;
			targetProxy = 3DA4F0AD23A50360001A2B97 /* PBXContainerItemProxy */;
		};
/* End PBXTargetDependency section */

/* Begin PBXVariantGroup section */
		3DA4F09423A5035D001A2B97 /* Main.storyboard */ = {
			isa = PBXVariantGroup;
			children = (
				3DA4F09523A5035D001A2B97 /* Base */,
			);
			name = Main.storyboard;
			sourceTree = "<group>";
		};
		3DA4F09923A5035F001A2B97 /* LaunchScreen.storyboard */ = {
			isa = PBXVariantGroup;
			children = (
				3DA4F09A23A5035F001A2B97 /* Base */,
			);
			name = LaunchScreen.storyboard;
			sourceTree = "<group>";
		};
/* End PBXVariantGroup section */

/* Begin XCBuildConfiguration section */
		3DA4F0B323A50360001A2B97 /* Debug */ = {
			isa = XCBuildConfiguration;
			buildSettings = {
				ALWAYS_SEARCH_USER_PATHS = NO;
				CLANG_ANALYZER_NONNULL = YES;
				CLANG_ANALYZER_NUMBER_OBJECT_CONVERSION = YES_AGGRESSIVE;
				CLANG_CXX_LANGUAGE_STANDARD = "gnu++14";
				CLANG_CXX_LIBRARY = "libc++";
				CLANG_ENABLE_MODULES = YES;
				CLANG_ENABLE_OBJC_ARC = YES;
				CLANG_ENABLE_OBJC_WEAK = YES;
				CLANG_WARN_BLOCK_CAPTURE_AUTORELEASING = YES;
				CLANG_WARN_BOOL_CONVERSION = YES;
				CLANG_WARN_COMMA = YES;
				CLANG_WARN_CONSTANT_CONVERSION = YES;
				CLANG_WARN_DEPRECATED_OBJC_IMPLEMENTATIONS = YES;
				CLANG_WARN_DIRECT_OBJC_ISA_USAGE = YES_ERROR;
				CLANG_WARN_DOCUMENTATION_COMMENTS = YES;
				CLANG_WARN_EMPTY_BODY = YES;
				CLANG_WARN_ENUM_CONVERSION = YES;
				CLANG_WARN_INFINITE_RECURSION = YES;
				CLANG_WARN_INT_CONVERSION = YES;
				CLANG_WARN_NON_LITERAL_NULL_CONVERSION = YES;
				CLANG_WARN_OBJC_IMPLICIT_RETAIN_SELF = YES;
				CLANG_WARN_OBJC_LITERAL_CONVERSION = YES;
				CLANG_WARN_OBJC_ROOT_CLASS = YES_ERROR;
				CLANG_WARN_RANGE_LOOP_ANALYSIS = YES;
				CLANG_WARN_STRICT_PROTOTYPES = YES;
				CLANG_WARN_SUSPICIOUS_MOVE = YES;
				CLANG_WARN_UNGUARDED_AVAILABILITY = YES_AGGRESSIVE;
				CLANG_WARN_UNREACHABLE_CODE = YES;
				CLANG_WARN__DUPLICATE_METHOD_MATCH = YES;
				COPY_PHASE_STRIP = NO;
				DEBUG_INFORMATION_FORMAT = dwarf;
				ENABLE_STRICT_OBJC_MSGSEND = YES;
				ENABLE_TESTABILITY = YES;
				GCC_C_LANGUAGE_STANDARD = gnu11;
				GCC_DYNAMIC_NO_PIC = NO;
				GCC_NO_COMMON_BLOCKS = YES;
				GCC_OPTIMIZATION_LEVEL = 0;
				GCC_PREPROCESSOR_DEFINITIONS = (
					"DEBUG=1",
					"$(inherited)",
				);
				GCC_WARN_64_TO_32_BIT_CONVERSION = YES;
				GCC_WARN_ABOUT_RETURN_TYPE = YES_ERROR;
				GCC_WARN_UNDECLARED_SELECTOR = YES;
				GCC_WARN_UNINITIALIZED_AUTOS = YES_AGGRESSIVE;
				GCC_WARN_UNUSED_FUNCTION = YES;
				GCC_WARN_UNUSED_VARIABLE = YES;
				IPHONEOS_DEPLOYMENT_TARGET = 13.2;
				MTL_ENABLE_DEBUG_INFO = INCLUDE_SOURCE;
				MTL_FAST_MATH = YES;
				ONLY_ACTIVE_ARCH = YES;
				SDKROOT = iphoneos;
				SWIFT_ACTIVE_COMPILATION_CONDITIONS = DEBUG;
				SWIFT_OPTIMIZATION_LEVEL = "-Onone";
			};
			name = Debug;
		};
		3DA4F0B423A50360001A2B97 /* Release */ = {
			isa = XCBuildConfiguration;
			buildSettings = {
				ALWAYS_SEARCH_USER_PATHS = NO;
				CLANG_ANALYZER_NONNULL = YES;
				CLANG_ANALYZER_NUMBER_OBJECT_CONVERSION = YES_AGGRESSIVE;
				CLANG_CXX_LANGUAGE_STANDARD = "gnu++14";
				CLANG_CXX_LIBRARY = "libc++";
				CLANG_ENABLE_MODULES = YES;
				CLANG_ENABLE_OBJC_ARC = YES;
				CLANG_ENABLE_OBJC_WEAK = YES;
				CLANG_WARN_BLOCK_CAPTURE_AUTORELEASING = YES;
				CLANG_WARN_BOOL_CONVERSION = YES;
				CLANG_WARN_COMMA = YES;
				CLANG_WARN_CONSTANT_CONVERSION = YES;
				CLANG_WARN_DEPRECATED_OBJC_IMPLEMENTATIONS = YES;
				CLANG_WARN_DIRECT_OBJC_ISA_USAGE = YES_ERROR;
				CLANG_WARN_DOCUMENTATION_COMMENTS = YES;
				CLANG_WARN_EMPTY_BODY = YES;
				CLANG_WARN_ENUM_CONVERSION = YES;
				CLANG_WARN_INFINITE_RECURSION = YES;
				CLANG_WARN_INT_CONVERSION = YES;
				CLANG_WARN_NON_LITERAL_NULL_CONVERSION = YES;
				CLANG_WARN_OBJC_IMPLICIT_RETAIN_SELF = YES;
				CLANG_WARN_OBJC_LITERAL_CONVERSION = YES;
				CLANG_WARN_OBJC_ROOT_CLASS = YES_ERROR;
				CLANG_WARN_RANGE_LOOP_ANALYSIS = YES;
				CLANG_WARN_STRICT_PROTOTYPES = YES;
				CLANG_WARN_SUSPICIOUS_MOVE = YES;
				CLANG_WARN_UNGUARDED_AVAILABILITY = YES_AGGRESSIVE;
				CLANG_WARN_UNREACHABLE_CODE = YES;
				CLANG_WARN__DUPLICATE_METHOD_MATCH = YES;
				COPY_PHASE_STRIP = NO;
				DEBUG_INFORMATION_FORMAT = "dwarf-with-dsym";
				ENABLE_NS_ASSERTIONS = NO;
				ENABLE_STRICT_OBJC_MSGSEND = YES;
				GCC_C_LANGUAGE_STANDARD = gnu11;
				GCC_NO_COMMON_BLOCKS = YES;
				GCC_WARN_64_TO_32_BIT_CONVERSION = YES;
				GCC_WARN_ABOUT_RETURN_TYPE = YES_ERROR;
				GCC_WARN_UNDECLARED_SELECTOR = YES;
				GCC_WARN_UNINITIALIZED_AUTOS = YES_AGGRESSIVE;
				GCC_WARN_UNUSED_FUNCTION = YES;
				GCC_WARN_UNUSED_VARIABLE = YES;
				IPHONEOS_DEPLOYMENT_TARGET = 13.2;
				MTL_ENABLE_DEBUG_INFO = NO;
				MTL_FAST_MATH = YES;
				SDKROOT = iphoneos;
				SWIFT_COMPILATION_MODE = wholemodule;
				SWIFT_OPTIMIZATION_LEVEL = "-O";
				VALIDATE_PRODUCT = YES;
			};
			name = Release;
		};
		3DA4F0B623A50360001A2B97 /* Debug */ = {
			isa = XCBuildConfiguration;
			buildSettings = {
				ASSETCATALOG_COMPILER_APPICON_NAME = AppIcon;
				CODE_SIGN_STYLE = Automatic;
				INFOPLIST_FILE = Kybele/Info.plist;
				LD_RUNPATH_SEARCH_PATHS = (
					"$(inherited)",
					"@executable_path/Frameworks",
				);
				PRODUCT_BUNDLE_IDENTIFIER = ngo.hera.Kybele;
				PRODUCT_NAME = "$(TARGET_NAME)";
				SWIFT_VERSION = 5.0;
				TARGETED_DEVICE_FAMILY = "1,2";
			};
			name = Debug;
		};
		3DA4F0B723A50360001A2B97 /* Release */ = {
			isa = XCBuildConfiguration;
			buildSettings = {
				ASSETCATALOG_COMPILER_APPICON_NAME = AppIcon;
				CODE_SIGN_STYLE = Automatic;
				INFOPLIST_FILE = Kybele/Info.plist;
				LD_RUNPATH_SEARCH_PATHS = (
					"$(inherited)",
					"@executable_path/Frameworks",
				);
				PRODUCT_BUNDLE_IDENTIFIER = ngo.hera.Kybele;
				PRODUCT_NAME = "$(TARGET_NAME)";
				SWIFT_VERSION = 5.0;
				TARGETED_DEVICE_FAMILY = "1,2";
			};
			name = Release;
		};
		3DA4F0B923A50360001A2B97 /* Debug */ = {
			isa = XCBuildConfiguration;
			buildSettings = {
				ALWAYS_EMBED_SWIFT_STANDARD_LIBRARIES = YES;
				BUNDLE_LOADER = "$(TEST_HOST)";
				CODE_SIGN_STYLE = Automatic;
				INFOPLIST_FILE = KybeleTests/Info.plist;
				IPHONEOS_DEPLOYMENT_TARGET = 13.2;
				LD_RUNPATH_SEARCH_PATHS = (
					"$(inherited)",
					"@executable_path/Frameworks",
					"@loader_path/Frameworks",
				);
				PRODUCT_BUNDLE_IDENTIFIER = ngo.hera.KybeleTests;
				PRODUCT_NAME = "$(TARGET_NAME)";
				SWIFT_VERSION = 5.0;
				TARGETED_DEVICE_FAMILY = "1,2";
				TEST_HOST = "$(BUILT_PRODUCTS_DIR)/Kybele.app/Kybele";
			};
			name = Debug;
		};
		3DA4F0BA23A50360001A2B97 /* Release */ = {
			isa = XCBuildConfiguration;
			buildSettings = {
				ALWAYS_EMBED_SWIFT_STANDARD_LIBRARIES = YES;
				BUNDLE_LOADER = "$(TEST_HOST)";
				CODE_SIGN_STYLE = Automatic;
				INFOPLIST_FILE = KybeleTests/Info.plist;
				IPHONEOS_DEPLOYMENT_TARGET = 13.2;
				LD_RUNPATH_SEARCH_PATHS = (
					"$(inherited)",
					"@executable_path/Frameworks",
					"@loader_path/Frameworks",
				);
				PRODUCT_BUNDLE_IDENTIFIER = ngo.hera.KybeleTests;
				PRODUCT_NAME = "$(TARGET_NAME)";
				SWIFT_VERSION = 5.0;
				TARGETED_DEVICE_FAMILY = "1,2";
				TEST_HOST = "$(BUILT_PRODUCTS_DIR)/Kybele.app/Kybele";
			};
			name = Release;
		};
		3DA4F0BC23A50360001A2B97 /* Debug */ = {
			isa = XCBuildConfiguration;
			buildSettings = {
				ALWAYS_EMBED_SWIFT_STANDARD_LIBRARIES = YES;
				CODE_SIGN_STYLE = Automatic;
				INFOPLIST_FILE = KybeleUITests/Info.plist;
				LD_RUNPATH_SEARCH_PATHS = (
					"$(inherited)",
					"@executable_path/Frameworks",
					"@loader_path/Frameworks",
				);
				PRODUCT_BUNDLE_IDENTIFIER = ngo.hera.KybeleUITests;
				PRODUCT_NAME = "$(TARGET_NAME)";
				SWIFT_VERSION = 5.0;
				TARGETED_DEVICE_FAMILY = "1,2";
				TEST_TARGET_NAME = Kybele;
			};
			name = Debug;
		};
		3DA4F0BD23A50360001A2B97 /* Release */ = {
			isa = XCBuildConfiguration;
			buildSettings = {
				ALWAYS_EMBED_SWIFT_STANDARD_LIBRARIES = YES;
				CODE_SIGN_STYLE = Automatic;
				INFOPLIST_FILE = KybeleUITests/Info.plist;
				LD_RUNPATH_SEARCH_PATHS = (
					"$(inherited)",
					"@executable_path/Frameworks",
					"@loader_path/Frameworks",
				);
				PRODUCT_BUNDLE_IDENTIFIER = ngo.hera.KybeleUITests;
				PRODUCT_NAME = "$(TARGET_NAME)";
				SWIFT_VERSION = 5.0;
				TARGETED_DEVICE_FAMILY = "1,2";
				TEST_TARGET_NAME = Kybele;
			};
			name = Release;
		};
/* End XCBuildConfiguration section */

/* Begin XCConfigurationList section */
		3DA4F08623A5035D001A2B97 /* Build configuration list for PBXProject "Kybele" */ = {
			isa = XCConfigurationList;
			buildConfigurations = (
				3DA4F0B323A50360001A2B97 /* Debug */,
				3DA4F0B423A50360001A2B97 /* Release */,
			);
			defaultConfigurationIsVisible = 0;
			defaultConfigurationName = Release;
		};
		3DA4F0B523A50360001A2B97 /* Build configuration list for PBXNativeTarget "Kybele" */ = {
			isa = XCConfigurationList;
			buildConfigurations = (
				3DA4F0B623A50360001A2B97 /* Debug */,
				3DA4F0B723A50360001A2B97 /* Release */,
			);
			defaultConfigurationIsVisible = 0;
			defaultConfigurationName = Release;
		};
		3DA4F0B823A50360001A2B97 /* Build configuration list for PBXNativeTarget "KybeleTests" */ = {
			isa = XCConfigurationList;
			buildConfigurations = (
				3DA4F0B923A50360001A2B97 /* Debug */,
				3DA4F0BA23A50360001A2B97 /* Release */,
			);
			defaultConfigurationIsVisible = 0;
			defaultConfigurationName = Release;
		};
		3DA4F0BB23A50360001A2B97 /* Build configuration list for PBXNativeTarget "KybeleUITests" */ = {
			isa = XCConfigurationList;
			buildConfigurations = (
				3DA4F0BC23A50360001A2B97 /* Debug */,
				3DA4F0BD23A50360001A2B97 /* Release */,
			);
			defaultConfigurationIsVisible = 0;
			defaultConfigurationName = Release;
		};
/* End XCConfigurationList section */
	};
	rootObject = 3DA4F08323A5035D001A2B97 /* Project object */;
}
